// !$*UTF8*$!
{
	archiveVersion = 1;
	classes = {
	};
	objectVersion = 48;
	objects = {

/* Begin PBXBuildFile section */
		8434B2951FFB0FCB004437B8 /* AppDelegate.swift in Sources */ = {isa = PBXBuildFile; fileRef = 8434B2941FFB0FCB004437B8 /* AppDelegate.swift */; };
		8434B2971FFB0FCB004437B8 /* ViewController.swift in Sources */ = {isa = PBXBuildFile; fileRef = 8434B2961FFB0FCB004437B8 /* ViewController.swift */; };
		8434B29A1FFB0FCB004437B8 /* Main.storyboard in Resources */ = {isa = PBXBuildFile; fileRef = 8434B2981FFB0FCB004437B8 /* Main.storyboard */; };
		8434B29C1FFB0FCB004437B8 /* Assets.xcassets in Resources */ = {isa = PBXBuildFile; fileRef = 8434B29B1FFB0FCB004437B8 /* Assets.xcassets */; };
		8434B29F1FFB0FCB004437B8 /* LaunchScreen.storyboard in Resources */ = {isa = PBXBuildFile; fileRef = 8434B29D1FFB0FCB004437B8 /* LaunchScreen.storyboard */; };
		8434B2AA1FFB0FCB004437B8 /* testTunTests.swift in Sources */ = {isa = PBXBuildFile; fileRef = 8434B2A91FFB0FCB004437B8 /* testTunTests.swift */; };
		8434B2B51FFB102D004437B8 /* TableViewController.swift in Sources */ = {isa = PBXBuildFile; fileRef = 8434B2B41FFB102D004437B8 /* TableViewController.swift */; };
/* End PBXBuildFile section */

/* Begin PBXContainerItemProxy section */
		8434B2A61FFB0FCB004437B8 /* PBXContainerItemProxy */ = {
			isa = PBXContainerItemProxy;
			containerPortal = 8434B2891FFB0FCB004437B8 /* Project object */;
			proxyType = 1;
			remoteGlobalIDString = 8434B2901FFB0FCB004437B8;
			remoteInfo = testTun;
		};
/* End PBXContainerItemProxy section */

/* Begin PBXFileReference section */
		8434B2911FFB0FCB004437B8 /* testTun.app */ = {isa = PBXFileReference; explicitFileType = wrapper.application; includeInIndex = 0; path = testTun.app; sourceTree = BUILT_PRODUCTS_DIR; };
		8434B2941FFB0FCB004437B8 /* AppDelegate.swift */ = {isa = PBXFileReference; lastKnownFileType = sourcecode.swift; path = AppDelegate.swift; sourceTree = "<group>"; };
		8434B2961FFB0FCB004437B8 /* ViewController.swift */ = {isa = PBXFileReference; lastKnownFileType = sourcecode.swift; path = ViewController.swift; sourceTree = "<group>"; };
		8434B2991FFB0FCB004437B8 /* Base */ = {isa = PBXFileReference; lastKnownFileType = file.storyboard; name = Base; path = Base.lproj/Main.storyboard; sourceTree = "<group>"; };
		8434B29B1FFB0FCB004437B8 /* Assets.xcassets */ = {isa = PBXFileReference; lastKnownFileType = folder.assetcatalog; path = Assets.xcassets; sourceTree = "<group>"; };
		8434B29E1FFB0FCB004437B8 /* Base */ = {isa = PBXFileReference; lastKnownFileType = file.storyboard; name = Base; path = Base.lproj/LaunchScreen.storyboard; sourceTree = "<group>"; };
		8434B2A01FFB0FCB004437B8 /* Info.plist */ = {isa = PBXFileReference; lastKnownFileType = text.plist.xml; path = Info.plist; sourceTree = "<group>"; };
		8434B2A51FFB0FCB004437B8 /* testTunTests.xctest */ = {isa = PBXFileReference; explicitFileType = wrapper.cfbundle; includeInIndex = 0; path = testTunTests.xctest; sourceTree = BUILT_PRODUCTS_DIR; };
		8434B2A91FFB0FCB004437B8 /* testTunTests.swift */ = {isa = PBXFileReference; lastKnownFileType = sourcecode.swift; path = testTunTests.swift; sourceTree = "<group>"; };
		8434B2AB1FFB0FCB004437B8 /* Info.plist */ = {isa = PBXFileReference; lastKnownFileType = text.plist.xml; path = Info.plist; sourceTree = "<group>"; };
		8434B2B41FFB102D004437B8 /* TableViewController.swift */ = {isa = PBXFileReference; lastKnownFileType = sourcecode.swift; path = TableViewController.swift; sourceTree = "<group>"; };
/* End PBXFileReference section */

/* Begin PBXFrameworksBuildPhase section */
		8434B28E1FFB0FCB004437B8 /* Frameworks */ = {
			isa = PBXFrameworksBuildPhase;
			buildActionMask = 2147483647;
			files = (
			);
			runOnlyForDeploymentPostprocessing = 0;
		};
		8434B2A21FFB0FCB004437B8 /* Frameworks */ = {
			isa = PBXFrameworksBuildPhase;
			buildActionMask = 2147483647;
			files = (
			);
			runOnlyForDeploymentPostprocessing = 0;
		};
/* End PBXFrameworksBuildPhase section */

/* Begin PBXGroup section */
		8434B2881FFB0FCB004437B8 = {
			isa = PBXGroup;
			children = (
				8434B2931FFB0FCB004437B8 /* testTun */,
				8434B2A81FFB0FCB004437B8 /* testTunTests */,
				8434B2921FFB0FCB004437B8 /* Products */,
			);
			sourceTree = "<group>";
		};
		8434B2921FFB0FCB004437B8 /* Products */ = {
			isa = PBXGroup;
			children = (
				8434B2911FFB0FCB004437B8 /* testTun.app */,
				8434B2A51FFB0FCB004437B8 /* testTunTests.xctest */,
			);
			name = Products;
			sourceTree = "<group>";
		};
		8434B2931FFB0FCB004437B8 /* testTun */ = {
			isa = PBXGroup;
			children = (
				8434B2941FFB0FCB004437B8 /* AppDelegate.swift */,
				8434B2961FFB0FCB004437B8 /* ViewController.swift */,
				8434B2981FFB0FCB004437B8 /* Main.storyboard */,
				8434B2B41FFB102D004437B8 /* TableViewController.swift */,
				8434B29B1FFB0FCB004437B8 /* Assets.xcassets */,
				8434B29D1FFB0FCB004437B8 /* LaunchScreen.storyboard */,
				8434B2A01FFB0FCB004437B8 /* Info.plist */,
			);
			path = testTun;
			sourceTree = "<group>";
		};
		8434B2A81FFB0FCB004437B8 /* testTunTests */ = {
			isa = PBXGroup;
			children = (
				8434B2A91FFB0FCB004437B8 /* testTunTests.swift */,
				8434B2AB1FFB0FCB004437B8 /* Info.plist */,
			);
			path = testTunTests;
			sourceTree = "<group>";
		};
/* End PBXGroup section */

/* Begin PBXNativeTarget section */
		8434B2901FFB0FCB004437B8 /* testTun */ = {
			isa = PBXNativeTarget;
			buildConfigurationList = 8434B2AE1FFB0FCB004437B8 /* Build configuration list for PBXNativeTarget "testTun" */;
			buildPhases = (
				8434B28D1FFB0FCB004437B8 /* Sources */,
				8434B28E1FFB0FCB004437B8 /* Frameworks */,
				8434B28F1FFB0FCB004437B8 /* Resources */,
			);
			buildRules = (
			);
			dependencies = (
			);
			name = testTun;
			productName = testTun;
			productReference = 8434B2911FFB0FCB004437B8 /* testTun.app */;
			productType = "com.apple.product-type.application";
		};
		8434B2A41FFB0FCB004437B8 /* testTunTests */ = {
			isa = PBXNativeTarget;
			buildConfigurationList = 8434B2B11FFB0FCB004437B8 /* Build configuration list for PBXNativeTarget "testTunTests" */;
			buildPhases = (
				8434B2A11FFB0FCB004437B8 /* Sources */,
				8434B2A21FFB0FCB004437B8 /* Frameworks */,
				8434B2A31FFB0FCB004437B8 /* Resources */,
			);
			buildRules = (
			);
			dependencies = (
				8434B2A71FFB0FCB004437B8 /* PBXTargetDependency */,
			);
			name = testTunTests;
			productName = testTunTests;
			productReference = 8434B2A51FFB0FCB004437B8 /* testTunTests.xctest */;
			productType = "com.apple.product-type.bundle.unit-test";
		};
/* End PBXNativeTarget section */

/* Begin PBXProject section */
		8434B2891FFB0FCB004437B8 /* Project object */ = {
			isa = PBXProject;
			attributes = {
				LastSwiftUpdateCheck = 0900;
				LastUpgradeCheck = 0900;
				ORGANIZATIONNAME = "Apple Inc.";
				TargetAttributes = {
					8434B2901FFB0FCB004437B8 = {
						CreatedOnToolsVersion = 9.0;
					};
					8434B2A41FFB0FCB004437B8 = {
						CreatedOnToolsVersion = 9.0;
						TestTargetID = 8434B2901FFB0FCB004437B8;
					};
				};
			};
			buildConfigurationList = 8434B28C1FFB0FCB004437B8 /* Build configuration list for PBXProject "testTun" */;
			compatibilityVersion = "Xcode 8.0";
			developmentRegion = en;
			hasScannedForEncodings = 0;
			knownRegions = (
				en,
				Base,
			);
			mainGroup = 8434B2881FFB0FCB004437B8;
			productRefGroup = 8434B2921FFB0FCB004437B8 /* Products */;
			projectDirPath = "";
			projectRoot = "";
			targets = (
				8434B2901FFB0FCB004437B8 /* testTun */,
				8434B2A41FFB0FCB004437B8 /* testTunTests */,
			);
		};
/* End PBXProject section */

/* Begin PBXResourcesBuildPhase section */
		8434B28F1FFB0FCB004437B8 /* Resources */ = {
			isa = PBXResourcesBuildPhase;
			buildActionMask = 2147483647;
			files = (
				8434B29F1FFB0FCB004437B8 /* LaunchScreen.storyboard in Resources */,
				8434B29C1FFB0FCB004437B8 /* Assets.xcassets in Resources */,
				8434B29A1FFB0FCB004437B8 /* Main.storyboard in Resources */,
			);
			runOnlyForDeploymentPostprocessing = 0;
		};
		8434B2A31FFB0FCB004437B8 /* Resources */ = {
			isa = PBXResourcesBuildPhase;
			buildActionMask = 2147483647;
			files = (
			);
			runOnlyForDeploymentPostprocessing = 0;
		};
/* End PBXResourcesBuildPhase section */

/* Begin PBXSourcesBuildPhase section */
		8434B28D1FFB0FCB004437B8 /* Sources */ = {
			isa = PBXSourcesBuildPhase;
			buildActionMask = 2147483647;
			files = (
				8434B2971FFB0FCB004437B8 /* ViewController.swift in Sources */,
				8434B2B51FFB102D004437B8 /* TableViewController.swift in Sources */,
				8434B2951FFB0FCB004437B8 /* AppDelegate.swift in Sources */,
			);
			runOnlyForDeploymentPostprocessing = 0;
		};
		8434B2A11FFB0FCB004437B8 /* Sources */ = {
			isa = PBXSourcesBuildPhase;
			buildActionMask = 2147483647;
			files = (
				8434B2AA1FFB0FCB004437B8 /* testTunTests.swift in Sources */,
			);
			runOnlyForDeploymentPostprocessing = 0;
		};
/* End PBXSourcesBuildPhase section */

/* Begin PBXTargetDependency section */
		8434B2A71FFB0FCB004437B8 /* PBXTargetDependency */ = {
			isa = PBXTargetDependency;
			target = 8434B2901FFB0FCB004437B8 /* testTun */;
			targetProxy = 8434B2A61FFB0FCB004437B8 /* PBXContainerItemProxy */;
		};
/* End PBXTargetDependency section */

/* Begin PBXVariantGroup section */
		8434B2981FFB0FCB004437B8 /* Main.storyboard */ = {
			isa = PBXVariantGroup;
			children = (
				8434B2991FFB0FCB004437B8 /* Base */,
			);
			name = Main.storyboard;
			sourceTree = "<group>";
		};
		8434B29D1FFB0FCB004437B8 /* LaunchScreen.storyboard */ = {
			isa = PBXVariantGroup;
			children = (
				8434B29E1FFB0FCB004437B8 /* Base */,
			);
			name = LaunchScreen.storyboard;
			sourceTree = "<group>";
		};
/* End PBXVariantGroup section */

/* Begin XCBuildConfiguration section */
		8434B2AC1FFB0FCB004437B8 /* Debug */ = {
			isa = XCBuildConfiguration;
			buildSettings = {
				ALWAYS_SEARCH_USER_PATHS = NO;
				CLANG_ANALYZER_NONNULL = YES;
				CLANG_ANALYZER_NUMBER_OBJECT_CONVERSION = YES_AGGRESSIVE;
				CLANG_CXX_LANGUAGE_STANDARD = "gnu++14";
				CLANG_CXX_LIBRARY = "libc++";
				CLANG_ENABLE_MODULES = YES;
				CLANG_ENABLE_OBJC_ARC = YES;
				CLANG_WARN_BLOCK_CAPTURE_AUTORELEASING = YES;
				CLANG_WARN_BOOL_CONVERSION = YES;
				CLANG_WARN_COMMA = YES;
				CLANG_WARN_CONSTANT_CONVERSION = YES;
				CLANG_WARN_DIRECT_OBJC_ISA_USAGE = YES_ERROR;
				CLANG_WARN_DOCUMENTATION_COMMENTS = YES;
				CLANG_WARN_EMPTY_BODY = YES;
				CLANG_WARN_ENUM_CONVERSION = YES;
				CLANG_WARN_INFINITE_RECURSION = YES;
				CLANG_WARN_INT_CONVERSION = YES;
				CLANG_WARN_NON_LITERAL_NULL_CONVERSION = YES;
				CLANG_WARN_OBJC_LITERAL_CONVERSION = YES;
				CLANG_WARN_OBJC_ROOT_CLASS = YES_ERROR;
				CLANG_WARN_RANGE_LOOP_ANALYSIS = YES;
				CLANG_WARN_STRICT_PROTOTYPES = YES;
				CLANG_WARN_SUSPICIOUS_MOVE = YES;
				CLANG_WARN_UNGUARDED_AVAILABILITY = YES_AGGRESSIVE;
				CLANG_WARN_UNREACHABLE_CODE = YES;
				CLANG_WARN__DUPLICATE_METHOD_MATCH = YES;
				CODE_SIGN_IDENTITY = "iPhone Developer";
				COPY_PHASE_STRIP = NO;
				DEBUG_INFORMATION_FORMAT = dwarf;
				ENABLE_STRICT_OBJC_MSGSEND = YES;
				ENABLE_TESTABILITY = YES;
				GCC_C_LANGUAGE_STANDARD = gnu11;
				GCC_DYNAMIC_NO_PIC = NO;
				GCC_NO_COMMON_BLOCKS = YES;
				GCC_OPTIMIZATION_LEVEL = 0;
				GCC_PREPROCESSOR_DEFINITIONS = (
					"DEBUG=1",
					"$(inherited)",
				);
				GCC_WARN_64_TO_32_BIT_CONVERSION = YES;
				GCC_WARN_ABOUT_RETURN_TYPE = YES_ERROR;
				GCC_WARN_UNDECLARED_SELECTOR = YES;
				GCC_WARN_UNINITIALIZED_AUTOS = YES_AGGRESSIVE;
				GCC_WARN_UNUSED_FUNCTION = YES;
				GCC_WARN_UNUSED_VARIABLE = YES;
				IPHONEOS_DEPLOYMENT_TARGET = 11.0;
				MTL_ENABLE_DEBUG_INFO = YES;
				ONLY_ACTIVE_ARCH = YES;
				SDKROOT = iphoneos;
				SWIFT_ACTIVE_COMPILATION_CONDITIONS = DEBUG;
				SWIFT_OPTIMIZATION_LEVEL = "-Onone";
			};
			name = Debug;
		};
		8434B2AD1FFB0FCB004437B8 /* Release */ = {
			isa = XCBuildConfiguration;
			buildSettings = {
				ALWAYS_SEARCH_USER_PATHS = NO;
				CLANG_ANALYZER_NONNULL = YES;
				CLANG_ANALYZER_NUMBER_OBJECT_CONVERSION = YES_AGGRESSIVE;
				CLANG_CXX_LANGUAGE_STANDARD = "gnu++14";
				CLANG_CXX_LIBRARY = "libc++";
				CLANG_ENABLE_MODULES = YES;
				CLANG_ENABLE_OBJC_ARC = YES;
				CLANG_WARN_BLOCK_CAPTURE_AUTORELEASING = YES;
				CLANG_WARN_BOOL_CONVERSION = YES;
				CLANG_WARN_COMMA = YES;
				CLANG_WARN_CONSTANT_CONVERSION = YES;
				CLANG_WARN_DIRECT_OBJC_ISA_USAGE = YES_ERROR;
				CLANG_WARN_DOCUMENTATION_COMMENTS = YES;
				CLANG_WARN_EMPTY_BODY = YES;
				CLANG_WARN_ENUM_CONVERSION = YES;
				CLANG_WARN_INFINITE_RECURSION = YES;
				CLANG_WARN_INT_CONVERSION = YES;
				CLANG_WARN_NON_LITERAL_NULL_CONVERSION = YES;
				CLANG_WARN_OBJC_LITERAL_CONVERSION = YES;
				CLANG_WARN_OBJC_ROOT_CLASS = YES_ERROR;
				CLANG_WARN_RANGE_LOOP_ANALYSIS = YES;
				CLANG_WARN_STRICT_PROTOTYPES = YES;
				CLANG_WARN_SUSPICIOUS_MOVE = YES;
				CLANG_WARN_UNGUARDED_AVAILABILITY = YES_AGGRESSIVE;
				CLANG_WARN_UNREACHABLE_CODE = YES;
				CLANG_WARN__DUPLICATE_METHOD_MATCH = YES;
				CODE_SIGN_IDENTITY = "iPhone Developer";
				COPY_PHASE_STRIP = NO;
				DEBUG_INFORMATION_FORMAT = "dwarf-with-dsym";
				ENABLE_NS_ASSERTIONS = NO;
				ENABLE_STRICT_OBJC_MSGSEND = YES;
				GCC_C_LANGUAGE_STANDARD = gnu11;
				GCC_NO_COMMON_BLOCKS = YES;
				GCC_WARN_64_TO_32_BIT_CONVERSION = YES;
				GCC_WARN_ABOUT_RETURN_TYPE = YES_ERROR;
				GCC_WARN_UNDECLARED_SELECTOR = YES;
				GCC_WARN_UNINITIALIZED_AUTOS = YES_AGGRESSIVE;
				GCC_WARN_UNUSED_FUNCTION = YES;
				GCC_WARN_UNUSED_VARIABLE = YES;
				IPHONEOS_DEPLOYMENT_TARGET = 11.0;
				MTL_ENABLE_DEBUG_INFO = NO;
				SDKROOT = iphoneos;
				SWIFT_OPTIMIZATION_LEVEL = "-Owholemodule";
				VALIDATE_PRODUCT = YES;
			};
			name = Release;
		};
		8434B2AF1FFB0FCB004437B8 /* Debug */ = {
			isa = XCBuildConfiguration;
			buildSettings = {
				ASSETCATALOG_COMPILER_APPICON_NAME = AppIcon;
				INFOPLIST_FILE = testTun/Info.plist;
				LD_RUNPATH_SEARCH_PATHS = "$(inherited) @executable_path/Frameworks";
				PRODUCT_BUNDLE_IDENTIFIER = com.example.testTun;
				PRODUCT_NAME = "$(TARGET_NAME)";
				SWIFT_VERSION = 4.0;
				TARGETED_DEVICE_FAMILY = "1,2";
			};
			name = Debug;
		};
		8434B2B01FFB0FCB004437B8 /* Release */ = {
			isa = XCBuildConfiguration;
			buildSettings = {
				ASSETCATALOG_COMPILER_APPICON_NAME = AppIcon;
				INFOPLIST_FILE = testTun/Info.plist;
				LD_RUNPATH_SEARCH_PATHS = "$(inherited) @executable_path/Frameworks";
				PRODUCT_BUNDLE_IDENTIFIER = com.example.testTun;
				PRODUCT_NAME = "$(TARGET_NAME)";
				SWIFT_VERSION = 4.0;
				TARGETED_DEVICE_FAMILY = "1,2";
			};
			name = Release;
		};
		8434B2B21FFB0FCB004437B8 /* Debug */ = {
			isa = XCBuildConfiguration;
			buildSettings = {
				ALWAYS_EMBED_SWIFT_STANDARD_LIBRARIES = YES;
				BUNDLE_LOADER = "$(TEST_HOST)";
				INFOPLIST_FILE = testTunTests/Info.plist;
				LD_RUNPATH_SEARCH_PATHS = "$(inherited) @executable_path/Frameworks @loader_path/Frameworks";
				PRODUCT_BUNDLE_IDENTIFIER = com.example.testTunTests;
				PRODUCT_NAME = "$(TARGET_NAME)";
				SWIFT_VERSION = 4.0;
				TARGETED_DEVICE_FAMILY = "1,2";
				TEST_HOST = "$(BUILT_PRODUCTS_DIR)/testTun.app/testTun";
			};
			name = Debug;
		};
		8434B2B31FFB0FCB004437B8 /* Release */ = {
			isa = XCBuildConfiguration;
			buildSettings = {
				ALWAYS_EMBED_SWIFT_STANDARD_LIBRARIES = YES;
				BUNDLE_LOADER = "$(TEST_HOST)";
				INFOPLIST_FILE = testTunTests/Info.plist;
				LD_RUNPATH_SEARCH_PATHS = "$(inherited) @executable_path/Frameworks @loader_path/Frameworks";
				PRODUCT_BUNDLE_IDENTIFIER = com.example.testTunTests;
				PRODUCT_NAME = "$(TARGET_NAME)";
				SWIFT_VERSION = 4.0;
				TARGETED_DEVICE_FAMILY = "1,2";
				TEST_HOST = "$(BUILT_PRODUCTS_DIR)/testTun.app/testTun";
			};
			name = Release;
		};
/* End XCBuildConfiguration section */

/* Begin XCConfigurationList section */
		8434B28C1FFB0FCB004437B8 /* Build configuration list for PBXProject "testTun" */ = {
			isa = XCConfigurationList;
			buildConfigurations = (
				8434B2AC1FFB0FCB004437B8 /* Debug */,
				8434B2AD1FFB0FCB004437B8 /* Release */,
			);
			defaultConfigurationIsVisible = 0;
			defaultConfigurationName = Release;
		};
		8434B2AE1FFB0FCB004437B8 /* Build configuration list for PBXNativeTarget "testTun" */ = {
			isa = XCConfigurationList;
			buildConfigurations = (
				8434B2AF1FFB0FCB004437B8 /* Debug */,
				8434B2B01FFB0FCB004437B8 /* Release */,
			);
			defaultConfigurationIsVisible = 0;
		};
		8434B2B11FFB0FCB004437B8 /* Build configuration list for PBXNativeTarget "testTunTests" */ = {
			isa = XCConfigurationList;
			buildConfigurations = (
				8434B2B21FFB0FCB004437B8 /* Debug */,
				8434B2B31FFB0FCB004437B8 /* Release */,
			);
			defaultConfigurationIsVisible = 0;
		};
/* End XCConfigurationList section */
	};
	rootObject = 8434B2891FFB0FCB004437B8 /* Project object */;
}
