// !$*UTF8*$!
{
	archiveVersion = 1;
	classes = {
	};
	objectVersion = 48;
	objects = {

/* Begin PBXBuildFile section */
		8437F3E51FD39EF90031D8B8 /* AppDelegate.swift in Sources */ = {isa = PBXBuildFile; fileRef = 8437F3E41FD39EF90031D8B8 /* AppDelegate.swift */; };
		8437F3E71FD39EF90031D8B8 /* ViewController.swift in Sources */ = {isa = PBXBuildFile; fileRef = 8437F3E61FD39EF90031D8B8 /* ViewController.swift */; };
		8437F3EA1FD39EF90031D8B8 /* Main.storyboard in Resources */ = {isa = PBXBuildFile; fileRef = 8437F3E81FD39EF90031D8B8 /* Main.storyboard */; };
		8437F3ED1FD39EF90031D8B8 /* View_Controller.xcdatamodeld in Sources */ = {isa = PBXBuildFile; fileRef = 8437F3EB1FD39EF90031D8B8 /* View_Controller.xcdatamodeld */; };
		8437F3EF1FD39EF90031D8B8 /* Assets.xcassets in Resources */ = {isa = PBXBuildFile; fileRef = 8437F3EE1FD39EF90031D8B8 /* Assets.xcassets */; };
		8437F3F21FD39EF90031D8B8 /* LaunchScreen.storyboard in Resources */ = {isa = PBXBuildFile; fileRef = 8437F3F01FD39EF90031D8B8 /* LaunchScreen.storyboard */; };
		8437F3FA1FD39F630031D8B8 /* VC2.swift in Sources */ = {isa = PBXBuildFile; fileRef = 8437F3F91FD39F630031D8B8 /* VC2.swift */; };
/* End PBXBuildFile section */

/* Begin PBXFileReference section */
		8437F3E11FD39EF90031D8B8 /* View_Controller.app */ = {isa = PBXFileReference; explicitFileType = wrapper.application; includeInIndex = 0; path = View_Controller.app; sourceTree = BUILT_PRODUCTS_DIR; };
		8437F3E41FD39EF90031D8B8 /* AppDelegate.swift */ = {isa = PBXFileReference; lastKnownFileType = sourcecode.swift; path = AppDelegate.swift; sourceTree = "<group>"; };
		8437F3E61FD39EF90031D8B8 /* ViewController.swift */ = {isa = PBXFileReference; lastKnownFileType = sourcecode.swift; path = ViewController.swift; sourceTree = "<group>"; };
		8437F3E91FD39EF90031D8B8 /* Base */ = {isa = PBXFileReference; lastKnownFileType = file.storyboard; name = Base; path = Base.lproj/Main.storyboard; sourceTree = "<group>"; };
		8437F3EC1FD39EF90031D8B8 /* View_Controller.xcdatamodel */ = {isa = PBXFileReference; lastKnownFileType = wrapper.xcdatamodel; path = View_Controller.xcdatamodel; sourceTree = "<group>"; };
		8437F3EE1FD39EF90031D8B8 /* Assets.xcassets */ = {isa = PBXFileReference; lastKnownFileType = folder.assetcatalog; path = Assets.xcassets; sourceTree = "<group>"; };
		8437F3F11FD39EF90031D8B8 /* Base */ = {isa = PBXFileReference; lastKnownFileType = file.storyboard; name = Base; path = Base.lproj/LaunchScreen.storyboard; sourceTree = "<group>"; };
		8437F3F31FD39EF90031D8B8 /* Info.plist */ = {isa = PBXFileReference; lastKnownFileType = text.plist.xml; path = Info.plist; sourceTree = "<group>"; };
		8437F3F91FD39F630031D8B8 /* VC2.swift */ = {isa = PBXFileReference; lastKnownFileType = sourcecode.swift; path = VC2.swift; sourceTree = "<group>"; };
/* End PBXFileReference section */

/* Begin PBXFrameworksBuildPhase section */
		8437F3DE1FD39EF90031D8B8 /* Frameworks */ = {
			isa = PBXFrameworksBuildPhase;
			buildActionMask = 2147483647;
			files = (
			);
			runOnlyForDeploymentPostprocessing = 0;
		};
/* End PBXFrameworksBuildPhase section */

/* Begin PBXGroup section */
		8437F3D81FD39EF90031D8B8 = {
			isa = PBXGroup;
			children = (
				8437F3E31FD39EF90031D8B8 /* View_Controller */,
				8437F3E21FD39EF90031D8B8 /* Products */,
			);
			sourceTree = "<group>";
		};
		8437F3E21FD39EF90031D8B8 /* Products */ = {
			isa = PBXGroup;
			children = (
				8437F3E11FD39EF90031D8B8 /* View_Controller.app */,
			);
			name = Products;
			sourceTree = "<group>";
		};
		8437F3E31FD39EF90031D8B8 /* View_Controller */ = {
			isa = PBXGroup;
			children = (
				8437F3E41FD39EF90031D8B8 /* AppDelegate.swift */,
				8437F3E61FD39EF90031D8B8 /* ViewController.swift */,
				8437F3E81FD39EF90031D8B8 /* Main.storyboard */,
				8437F3F91FD39F630031D8B8 /* VC2.swift */,
				8437F3EE1FD39EF90031D8B8 /* Assets.xcassets */,
				8437F3F01FD39EF90031D8B8 /* LaunchScreen.storyboard */,
				8437F3F31FD39EF90031D8B8 /* Info.plist */,
				8437F3EB1FD39EF90031D8B8 /* View_Controller.xcdatamodeld */,
			);
			path = View_Controller;
			sourceTree = "<group>";
		};
/* End PBXGroup section */

/* Begin PBXNativeTarget section */
		8437F3E01FD39EF90031D8B8 /* View_Controller */ = {
			isa = PBXNativeTarget;
			buildConfigurationList = 8437F3F61FD39EF90031D8B8 /* Build configuration list for PBXNativeTarget "View_Controller" */;
			buildPhases = (
				8437F3DD1FD39EF90031D8B8 /* Sources */,
				8437F3DE1FD39EF90031D8B8 /* Frameworks */,
				8437F3DF1FD39EF90031D8B8 /* Resources */,
			);
			buildRules = (
			);
			dependencies = (
			);
			name = View_Controller;
			productName = View_Controller;
			productReference = 8437F3E11FD39EF90031D8B8 /* View_Controller.app */;
			productType = "com.apple.product-type.application";
		};
/* End PBXNativeTarget section */

/* Begin PBXProject section */
		8437F3D91FD39EF90031D8B8 /* Project object */ = {
			isa = PBXProject;
			attributes = {
				LastSwiftUpdateCheck = 0900;
				LastUpgradeCheck = 0900;
				ORGANIZATIONNAME = "Apple Inc.";
				TargetAttributes = {
					8437F3E01FD39EF90031D8B8 = {
						CreatedOnToolsVersion = 9.0;
					};
				};
			};
			buildConfigurationList = 8437F3DC1FD39EF90031D8B8 /* Build configuration list for PBXProject "View_Controller" */;
			compatibilityVersion = "Xcode 8.0";
			developmentRegion = en;
			hasScannedForEncodings = 0;
			knownRegions = (
				en,
				Base,
			);
			mainGroup = 8437F3D81FD39EF90031D8B8;
			productRefGroup = 8437F3E21FD39EF90031D8B8 /* Products */;
			projectDirPath = "";
			projectRoot = "";
			targets = (
				8437F3E01FD39EF90031D8B8 /* View_Controller */,
			);
		};
/* End PBXProject section */

/* Begin PBXResourcesBuildPhase section */
		8437F3DF1FD39EF90031D8B8 /* Resources */ = {
			isa = PBXResourcesBuildPhase;
			buildActionMask = 2147483647;
			files = (
				8437F3F21FD39EF90031D8B8 /* LaunchScreen.storyboard in Resources */,
				8437F3EF1FD39EF90031D8B8 /* Assets.xcassets in Resources */,
				8437F3EA1FD39EF90031D8B8 /* Main.storyboard in Resources */,
			);
			runOnlyForDeploymentPostprocessing = 0;
		};
/* End PBXResourcesBuildPhase section */

/* Begin PBXSourcesBuildPhase section */
		8437F3DD1FD39EF90031D8B8 /* Sources */ = {
			isa = PBXSourcesBuildPhase;
			buildActionMask = 2147483647;
			files = (
				8437F3E71FD39EF90031D8B8 /* ViewController.swift in Sources */,
				8437F3ED1FD39EF90031D8B8 /* View_Controller.xcdatamodeld in Sources */,
				8437F3E51FD39EF90031D8B8 /* AppDelegate.swift in Sources */,
				8437F3FA1FD39F630031D8B8 /* VC2.swift in Sources */,
			);
			runOnlyForDeploymentPostprocessing = 0;
		};
/* End PBXSourcesBuildPhase section */

/* Begin PBXVariantGroup section */
		8437F3E81FD39EF90031D8B8 /* Main.storyboard */ = {
			isa = PBXVariantGroup;
			children = (
				8437F3E91FD39EF90031D8B8 /* Base */,
			);
			name = Main.storyboard;
			sourceTree = "<group>";
		};
		8437F3F01FD39EF90031D8B8 /* LaunchScreen.storyboard */ = {
			isa = PBXVariantGroup;
			children = (
				8437F3F11FD39EF90031D8B8 /* Base */,
			);
			name = LaunchScreen.storyboard;
			sourceTree = "<group>";
		};
/* End PBXVariantGroup section */

/* Begin XCBuildConfiguration section */
		8437F3F41FD39EF90031D8B8 /* Debug */ = {
			isa = XCBuildConfiguration;
			buildSettings = {
				ALWAYS_SEARCH_USER_PATHS = NO;
				CLANG_ANALYZER_NONNULL = YES;
				CLANG_ANALYZER_NUMBER_OBJECT_CONVERSION = YES_AGGRESSIVE;
				CLANG_CXX_LANGUAGE_STANDARD = "gnu++14";
				CLANG_CXX_LIBRARY = "libc++";
				CLANG_ENABLE_MODULES = YES;
				CLANG_ENABLE_OBJC_ARC = YES;
				CLANG_WARN_BLOCK_CAPTURE_AUTORELEASING = YES;
				CLANG_WARN_BOOL_CONVERSION = YES;
				CLANG_WARN_COMMA = YES;
				CLANG_WARN_CONSTANT_CONVERSION = YES;
				CLANG_WARN_DIRECT_OBJC_ISA_USAGE = YES_ERROR;
				CLANG_WARN_DOCUMENTATION_COMMENTS = YES;
				CLANG_WARN_EMPTY_BODY = YES;
				CLANG_WARN_ENUM_CONVERSION = YES;
				CLANG_WARN_INFINITE_RECURSION = YES;
				CLANG_WARN_INT_CONVERSION = YES;
				CLANG_WARN_NON_LITERAL_NULL_CONVERSION = YES;
				CLANG_WARN_OBJC_LITERAL_CONVERSION = YES;
				CLANG_WARN_OBJC_ROOT_CLASS = YES_ERROR;
				CLANG_WARN_RANGE_LOOP_ANALYSIS = YES;
				CLANG_WARN_STRICT_PROTOTYPES = YES;
				CLANG_WARN_SUSPICIOUS_MOVE = YES;
				CLANG_WARN_UNGUARDED_AVAILABILITY = YES_AGGRESSIVE;
				CLANG_WARN_UNREACHABLE_CODE = YES;
				CLANG_WARN__DUPLICATE_METHOD_MATCH = YES;
				CODE_SIGN_IDENTITY = "iPhone Developer";
				COPY_PHASE_STRIP = NO;
				DEBUG_INFORMATION_FORMAT = dwarf;
				ENABLE_STRICT_OBJC_MSGSEND = YES;
				ENABLE_TESTABILITY = YES;
				GCC_C_LANGUAGE_STANDARD = gnu11;
				GCC_DYNAMIC_NO_PIC = NO;
				GCC_NO_COMMON_BLOCKS = YES;
				GCC_OPTIMIZATION_LEVEL = 0;
				GCC_PREPROCESSOR_DEFINITIONS = (
					"DEBUG=1",
					"$(inherited)",
				);
				GCC_WARN_64_TO_32_BIT_CONVERSION = YES;
				GCC_WARN_ABOUT_RETURN_TYPE = YES_ERROR;
				GCC_WARN_UNDECLARED_SELECTOR = YES;
				GCC_WARN_UNINITIALIZED_AUTOS = YES_AGGRESSIVE;
				GCC_WARN_UNUSED_FUNCTION = YES;
				GCC_WARN_UNUSED_VARIABLE = YES;
				IPHONEOS_DEPLOYMENT_TARGET = 11.0;
				MTL_ENABLE_DEBUG_INFO = YES;
				ONLY_ACTIVE_ARCH = YES;
				SDKROOT = iphoneos;
				SWIFT_ACTIVE_COMPILATION_CONDITIONS = DEBUG;
				SWIFT_OPTIMIZATION_LEVEL = "-Onone";
			};
			name = Debug;
		};
		8437F3F51FD39EF90031D8B8 /* Release */ = {
			isa = XCBuildConfiguration;
			buildSettings = {
				ALWAYS_SEARCH_USER_PATHS = NO;
				CLANG_ANALYZER_NONNULL = YES;
				CLANG_ANALYZER_NUMBER_OBJECT_CONVERSION = YES_AGGRESSIVE;
				CLANG_CXX_LANGUAGE_STANDARD = "gnu++14";
				CLANG_CXX_LIBRARY = "libc++";
				CLANG_ENABLE_MODULES = YES;
				CLANG_ENABLE_OBJC_ARC = YES;
				CLANG_WARN_BLOCK_CAPTURE_AUTORELEASING = YES;
				CLANG_WARN_BOOL_CONVERSION = YES;
				CLANG_WARN_COMMA = YES;
				CLANG_WARN_CONSTANT_CONVERSION = YES;
				CLANG_WARN_DIRECT_OBJC_ISA_USAGE = YES_ERROR;
				CLANG_WARN_DOCUMENTATION_COMMENTS = YES;
				CLANG_WARN_EMPTY_BODY = YES;
				CLANG_WARN_ENUM_CONVERSION = YES;
				CLANG_WARN_INFINITE_RECURSION = YES;
				CLANG_WARN_INT_CONVERSION = YES;
				CLANG_WARN_NON_LITERAL_NULL_CONVERSION = YES;
				CLANG_WARN_OBJC_LITERAL_CONVERSION = YES;
				CLANG_WARN_OBJC_ROOT_CLASS = YES_ERROR;
				CLANG_WARN_RANGE_LOOP_ANALYSIS = YES;
				CLANG_WARN_STRICT_PROTOTYPES = YES;
				CLANG_WARN_SUSPICIOUS_MOVE = YES;
				CLANG_WARN_UNGUARDED_AVAILABILITY = YES_AGGRESSIVE;
				CLANG_WARN_UNREACHABLE_CODE = YES;
				CLANG_WARN__DUPLICATE_METHOD_MATCH = YES;
				CODE_SIGN_IDENTITY = "iPhone Developer";
				COPY_PHASE_STRIP = NO;
				DEBUG_INFORMATION_FORMAT = "dwarf-with-dsym";
				ENABLE_NS_ASSERTIONS = NO;
				ENABLE_STRICT_OBJC_MSGSEND = YES;
				GCC_C_LANGUAGE_STANDARD = gnu11;
				GCC_NO_COMMON_BLOCKS = YES;
				GCC_WARN_64_TO_32_BIT_CONVERSION = YES;
				GCC_WARN_ABOUT_RETURN_TYPE = YES_ERROR;
				GCC_WARN_UNDECLARED_SELECTOR = YES;
				GCC_WARN_UNINITIALIZED_AUTOS = YES_AGGRESSIVE;
				GCC_WARN_UNUSED_FUNCTION = YES;
				GCC_WARN_UNUSED_VARIABLE = YES;
				IPHONEOS_DEPLOYMENT_TARGET = 11.0;
				MTL_ENABLE_DEBUG_INFO = NO;
				SDKROOT = iphoneos;
				SWIFT_OPTIMIZATION_LEVEL = "-Owholemodule";
				VALIDATE_PRODUCT = YES;
			};
			name = Release;
		};
		8437F3F71FD39EF90031D8B8 /* Debug */ = {
			isa = XCBuildConfiguration;
			buildSettings = {
				ASSETCATALOG_COMPILER_APPICON_NAME = AppIcon;
				INFOPLIST_FILE = View_Controller/Info.plist;
				LD_RUNPATH_SEARCH_PATHS = "$(inherited) @executable_path/Frameworks";
				PRODUCT_BUNDLE_IDENTIFIER = "com.example.View-Controller";
				PRODUCT_NAME = "$(TARGET_NAME)";
				SWIFT_VERSION = 4.0;
				TARGETED_DEVICE_FAMILY = "1,2";
			};
			name = Debug;
		};
		8437F3F81FD39EF90031D8B8 /* Release */ = {
			isa = XCBuildConfiguration;
			buildSettings = {
				ASSETCATALOG_COMPILER_APPICON_NAME = AppIcon;
				INFOPLIST_FILE = View_Controller/Info.plist;
				LD_RUNPATH_SEARCH_PATHS = "$(inherited) @executable_path/Frameworks";
				PRODUCT_BUNDLE_IDENTIFIER = "com.example.View-Controller";
				PRODUCT_NAME = "$(TARGET_NAME)";
				SWIFT_VERSION = 4.0;
				TARGETED_DEVICE_FAMILY = "1,2";
			};
			name = Release;
		};
/* End XCBuildConfiguration section */

/* Begin XCConfigurationList section */
		8437F3DC1FD39EF90031D8B8 /* Build configuration list for PBXProject "View_Controller" */ = {
			isa = XCConfigurationList;
			buildConfigurations = (
				8437F3F41FD39EF90031D8B8 /* Debug */,
				8437F3F51FD39EF90031D8B8 /* Release */,
			);
			defaultConfigurationIsVisible = 0;
			defaultConfigurationName = Release;
		};
		8437F3F61FD39EF90031D8B8 /* Build configuration list for PBXNativeTarget "View_Controller" */ = {
			isa = XCConfigurationList;
			buildConfigurations = (
				8437F3F71FD39EF90031D8B8 /* Debug */,
				8437F3F81FD39EF90031D8B8 /* Release */,
			);
			defaultConfigurationIsVisible = 0;
		};
/* End XCConfigurationList section */

/* Begin XCVersionGroup section */
		8437F3EB1FD39EF90031D8B8 /* View_Controller.xcdatamodeld */ = {
			isa = XCVersionGroup;
			children = (
				8437F3EC1FD39EF90031D8B8 /* View_Controller.xcdatamodel */,
			);
			currentVersion = 8437F3EC1FD39EF90031D8B8 /* View_Controller.xcdatamodel */;
			path = View_Controller.xcdatamodeld;
			sourceTree = "<group>";
			versionGroupType = wrapper.xcdatamodel;
		};
/* End XCVersionGroup section */
	};
	rootObject = 8437F3D91FD39EF90031D8B8 /* Project object */;
}
