// !$*UTF8*$!
{
	archiveVersion = 1;
	classes = {
	};
	objectVersion = 48;
	objects = {

/* Begin PBXBuildFile section */
		84116CFD1FF38A0A00911C3B /* AppDelegate.swift in Sources */ = {isa = PBXBuildFile; fileRef = 84116CFC1FF38A0A00911C3B /* AppDelegate.swift */; };
		84116D021FF38A0A00911C3B /* Main.storyboard in Resources */ = {isa = PBXBuildFile; fileRef = 84116D001FF38A0A00911C3B /* Main.storyboard */; };
		84116D041FF38A0A00911C3B /* Assets.xcassets in Resources */ = {isa = PBXBuildFile; fileRef = 84116D031FF38A0A00911C3B /* Assets.xcassets */; };
		84116D071FF38A0A00911C3B /* LaunchScreen.storyboard in Resources */ = {isa = PBXBuildFile; fileRef = 84116D051FF38A0A00911C3B /* LaunchScreen.storyboard */; };
		84116D121FF38A0A00911C3B /* NotificationTests.swift in Sources */ = {isa = PBXBuildFile; fileRef = 84116D111FF38A0A00911C3B /* NotificationTests.swift */; };
		84116D1F1FF38A8600911C3B /* ViewControllerSecond.swift in Sources */ = {isa = PBXBuildFile; fileRef = 84116D1E1FF38A8600911C3B /* ViewControllerSecond.swift */; };
		84116D211FF38AA000911C3B /* ViewControllerFirst.swift in Sources */ = {isa = PBXBuildFile; fileRef = 84116D201FF38AA000911C3B /* ViewControllerFirst.swift */; };
/* End PBXBuildFile section */

/* Begin PBXContainerItemProxy section */
		84116D0E1FF38A0A00911C3B /* PBXContainerItemProxy */ = {
			isa = PBXContainerItemProxy;
			containerPortal = 84116CF11FF38A0A00911C3B /* Project object */;
			proxyType = 1;
			remoteGlobalIDString = 84116CF81FF38A0A00911C3B;
			remoteInfo = Notification;
		};
/* End PBXContainerItemProxy section */

/* Begin PBXFileReference section */
		84116CF91FF38A0A00911C3B /* Notification.app */ = {isa = PBXFileReference; explicitFileType = wrapper.application; includeInIndex = 0; path = Notification.app; sourceTree = BUILT_PRODUCTS_DIR; };
		84116CFC1FF38A0A00911C3B /* AppDelegate.swift */ = {isa = PBXFileReference; lastKnownFileType = sourcecode.swift; path = AppDelegate.swift; sourceTree = "<group>"; };
		84116D011FF38A0A00911C3B /* Base */ = {isa = PBXFileReference; lastKnownFileType = file.storyboard; name = Base; path = Base.lproj/Main.storyboard; sourceTree = "<group>"; };
		84116D031FF38A0A00911C3B /* Assets.xcassets */ = {isa = PBXFileReference; lastKnownFileType = folder.assetcatalog; path = Assets.xcassets; sourceTree = "<group>"; };
		84116D061FF38A0A00911C3B /* Base */ = {isa = PBXFileReference; lastKnownFileType = file.storyboard; name = Base; path = Base.lproj/LaunchScreen.storyboard; sourceTree = "<group>"; };
		84116D081FF38A0A00911C3B /* Info.plist */ = {isa = PBXFileReference; lastKnownFileType = text.plist.xml; path = Info.plist; sourceTree = "<group>"; };
		84116D0D1FF38A0A00911C3B /* NotificationTests.xctest */ = {isa = PBXFileReference; explicitFileType = wrapper.cfbundle; includeInIndex = 0; path = NotificationTests.xctest; sourceTree = BUILT_PRODUCTS_DIR; };
		84116D111FF38A0A00911C3B /* NotificationTests.swift */ = {isa = PBXFileReference; lastKnownFileType = sourcecode.swift; path = NotificationTests.swift; sourceTree = "<group>"; };
		84116D131FF38A0A00911C3B /* Info.plist */ = {isa = PBXFileReference; lastKnownFileType = text.plist.xml; path = Info.plist; sourceTree = "<group>"; };
		84116D1E1FF38A8600911C3B /* ViewControllerSecond.swift */ = {isa = PBXFileReference; lastKnownFileType = sourcecode.swift; path = ViewControllerSecond.swift; sourceTree = "<group>"; };
		84116D201FF38AA000911C3B /* ViewControllerFirst.swift */ = {isa = PBXFileReference; lastKnownFileType = sourcecode.swift; path = ViewControllerFirst.swift; sourceTree = "<group>"; };
/* End PBXFileReference section */

/* Begin PBXFrameworksBuildPhase section */
		84116CF61FF38A0A00911C3B /* Frameworks */ = {
			isa = PBXFrameworksBuildPhase;
			buildActionMask = 2147483647;
			files = (
			);
			runOnlyForDeploymentPostprocessing = 0;
		};
		84116D0A1FF38A0A00911C3B /* Frameworks */ = {
			isa = PBXFrameworksBuildPhase;
			buildActionMask = 2147483647;
			files = (
			);
			runOnlyForDeploymentPostprocessing = 0;
		};
/* End PBXFrameworksBuildPhase section */

/* Begin PBXGroup section */
		84116CF01FF38A0A00911C3B = {
			isa = PBXGroup;
			children = (
				84116CFB1FF38A0A00911C3B /* Notification */,
				84116D101FF38A0A00911C3B /* NotificationTests */,
				84116CFA1FF38A0A00911C3B /* Products */,
			);
			sourceTree = "<group>";
		};
		84116CFA1FF38A0A00911C3B /* Products */ = {
			isa = PBXGroup;
			children = (
				84116CF91FF38A0A00911C3B /* Notification.app */,
				84116D0D1FF38A0A00911C3B /* NotificationTests.xctest */,
			);
			name = Products;
			sourceTree = "<group>";
		};
		84116CFB1FF38A0A00911C3B /* Notification */ = {
			isa = PBXGroup;
			children = (
				84116CFC1FF38A0A00911C3B /* AppDelegate.swift */,
				84116D201FF38AA000911C3B /* ViewControllerFirst.swift */,
				84116D1E1FF38A8600911C3B /* ViewControllerSecond.swift */,
				84116D001FF38A0A00911C3B /* Main.storyboard */,
				84116D031FF38A0A00911C3B /* Assets.xcassets */,
				84116D051FF38A0A00911C3B /* LaunchScreen.storyboard */,
				84116D081FF38A0A00911C3B /* Info.plist */,
			);
			path = Notification;
			sourceTree = "<group>";
		};
		84116D101FF38A0A00911C3B /* NotificationTests */ = {
			isa = PBXGroup;
			children = (
				84116D111FF38A0A00911C3B /* NotificationTests.swift */,
				84116D131FF38A0A00911C3B /* Info.plist */,
			);
			path = NotificationTests;
			sourceTree = "<group>";
		};
/* End PBXGroup section */

/* Begin PBXNativeTarget section */
		84116CF81FF38A0A00911C3B /* Notification */ = {
			isa = PBXNativeTarget;
			buildConfigurationList = 84116D161FF38A0A00911C3B /* Build configuration list for PBXNativeTarget "Notification" */;
			buildPhases = (
				84116CF51FF38A0A00911C3B /* Sources */,
				84116CF61FF38A0A00911C3B /* Frameworks */,
				84116CF71FF38A0A00911C3B /* Resources */,
			);
			buildRules = (
			);
			dependencies = (
			);
			name = Notification;
			productName = Notification;
			productReference = 84116CF91FF38A0A00911C3B /* Notification.app */;
			productType = "com.apple.product-type.application";
		};
		84116D0C1FF38A0A00911C3B /* NotificationTests */ = {
			isa = PBXNativeTarget;
			buildConfigurationList = 84116D191FF38A0A00911C3B /* Build configuration list for PBXNativeTarget "NotificationTests" */;
			buildPhases = (
				84116D091FF38A0A00911C3B /* Sources */,
				84116D0A1FF38A0A00911C3B /* Frameworks */,
				84116D0B1FF38A0A00911C3B /* Resources */,
			);
			buildRules = (
			);
			dependencies = (
				84116D0F1FF38A0A00911C3B /* PBXTargetDependency */,
			);
			name = NotificationTests;
			productName = NotificationTests;
			productReference = 84116D0D1FF38A0A00911C3B /* NotificationTests.xctest */;
			productType = "com.apple.product-type.bundle.unit-test";
		};
/* End PBXNativeTarget section */

/* Begin PBXProject section */
		84116CF11FF38A0A00911C3B /* Project object */ = {
			isa = PBXProject;
			attributes = {
				LastSwiftUpdateCheck = 0900;
				LastUpgradeCheck = 0900;
				ORGANIZATIONNAME = "Apple Inc.";
				TargetAttributes = {
					84116CF81FF38A0A00911C3B = {
						CreatedOnToolsVersion = 9.0;
					};
					84116D0C1FF38A0A00911C3B = {
						CreatedOnToolsVersion = 9.0;
						TestTargetID = 84116CF81FF38A0A00911C3B;
					};
				};
			};
			buildConfigurationList = 84116CF41FF38A0A00911C3B /* Build configuration list for PBXProject "Notification" */;
			compatibilityVersion = "Xcode 8.0";
			developmentRegion = en;
			hasScannedForEncodings = 0;
			knownRegions = (
				en,
				Base,
			);
			mainGroup = 84116CF01FF38A0A00911C3B;
			productRefGroup = 84116CFA1FF38A0A00911C3B /* Products */;
			projectDirPath = "";
			projectRoot = "";
			targets = (
				84116CF81FF38A0A00911C3B /* Notification */,
				84116D0C1FF38A0A00911C3B /* NotificationTests */,
			);
		};
/* End PBXProject section */

/* Begin PBXResourcesBuildPhase section */
		84116CF71FF38A0A00911C3B /* Resources */ = {
			isa = PBXResourcesBuildPhase;
			buildActionMask = 2147483647;
			files = (
				84116D071FF38A0A00911C3B /* LaunchScreen.storyboard in Resources */,
				84116D041FF38A0A00911C3B /* Assets.xcassets in Resources */,
				84116D021FF38A0A00911C3B /* Main.storyboard in Resources */,
			);
			runOnlyForDeploymentPostprocessing = 0;
		};
		84116D0B1FF38A0A00911C3B /* Resources */ = {
			isa = PBXResourcesBuildPhase;
			buildActionMask = 2147483647;
			files = (
			);
			runOnlyForDeploymentPostprocessing = 0;
		};
/* End PBXResourcesBuildPhase section */

/* Begin PBXSourcesBuildPhase section */
		84116CF51FF38A0A00911C3B /* Sources */ = {
			isa = PBXSourcesBuildPhase;
			buildActionMask = 2147483647;
			files = (
				84116D1F1FF38A8600911C3B /* ViewControllerSecond.swift in Sources */,
				84116CFD1FF38A0A00911C3B /* AppDelegate.swift in Sources */,
				84116D211FF38AA000911C3B /* ViewControllerFirst.swift in Sources */,
			);
			runOnlyForDeploymentPostprocessing = 0;
		};
		84116D091FF38A0A00911C3B /* Sources */ = {
			isa = PBXSourcesBuildPhase;
			buildActionMask = 2147483647;
			files = (
				84116D121FF38A0A00911C3B /* NotificationTests.swift in Sources */,
			);
			runOnlyForDeploymentPostprocessing = 0;
		};
/* End PBXSourcesBuildPhase section */

/* Begin PBXTargetDependency section */
		84116D0F1FF38A0A00911C3B /* PBXTargetDependency */ = {
			isa = PBXTargetDependency;
			target = 84116CF81FF38A0A00911C3B /* Notification */;
			targetProxy = 84116D0E1FF38A0A00911C3B /* PBXContainerItemProxy */;
		};
/* End PBXTargetDependency section */

/* Begin PBXVariantGroup section */
		84116D001FF38A0A00911C3B /* Main.storyboard */ = {
			isa = PBXVariantGroup;
			children = (
				84116D011FF38A0A00911C3B /* Base */,
			);
			name = Main.storyboard;
			sourceTree = "<group>";
		};
		84116D051FF38A0A00911C3B /* LaunchScreen.storyboard */ = {
			isa = PBXVariantGroup;
			children = (
				84116D061FF38A0A00911C3B /* Base */,
			);
			name = LaunchScreen.storyboard;
			sourceTree = "<group>";
		};
/* End PBXVariantGroup section */

/* Begin XCBuildConfiguration section */
		84116D141FF38A0A00911C3B /* Debug */ = {
			isa = XCBuildConfiguration;
			buildSettings = {
				ALWAYS_SEARCH_USER_PATHS = NO;
				CLANG_ANALYZER_NONNULL = YES;
				CLANG_ANALYZER_NUMBER_OBJECT_CONVERSION = YES_AGGRESSIVE;
				CLANG_CXX_LANGUAGE_STANDARD = "gnu++14";
				CLANG_CXX_LIBRARY = "libc++";
				CLANG_ENABLE_MODULES = YES;
				CLANG_ENABLE_OBJC_ARC = YES;
				CLANG_WARN_BLOCK_CAPTURE_AUTORELEASING = YES;
				CLANG_WARN_BOOL_CONVERSION = YES;
				CLANG_WARN_COMMA = YES;
				CLANG_WARN_CONSTANT_CONVERSION = YES;
				CLANG_WARN_DIRECT_OBJC_ISA_USAGE = YES_ERROR;
				CLANG_WARN_DOCUMENTATION_COMMENTS = YES;
				CLANG_WARN_EMPTY_BODY = YES;
				CLANG_WARN_ENUM_CONVERSION = YES;
				CLANG_WARN_INFINITE_RECURSION = YES;
				CLANG_WARN_INT_CONVERSION = YES;
				CLANG_WARN_NON_LITERAL_NULL_CONVERSION = YES;
				CLANG_WARN_OBJC_LITERAL_CONVERSION = YES;
				CLANG_WARN_OBJC_ROOT_CLASS = YES_ERROR;
				CLANG_WARN_RANGE_LOOP_ANALYSIS = YES;
				CLANG_WARN_STRICT_PROTOTYPES = YES;
				CLANG_WARN_SUSPICIOUS_MOVE = YES;
				CLANG_WARN_UNGUARDED_AVAILABILITY = YES_AGGRESSIVE;
				CLANG_WARN_UNREACHABLE_CODE = YES;
				CLANG_WARN__DUPLICATE_METHOD_MATCH = YES;
				CODE_SIGN_IDENTITY = "iPhone Developer";
				COPY_PHASE_STRIP = NO;
				DEBUG_INFORMATION_FORMAT = dwarf;
				ENABLE_STRICT_OBJC_MSGSEND = YES;
				ENABLE_TESTABILITY = YES;
				GCC_C_LANGUAGE_STANDARD = gnu11;
				GCC_DYNAMIC_NO_PIC = NO;
				GCC_NO_COMMON_BLOCKS = YES;
				GCC_OPTIMIZATION_LEVEL = 0;
				GCC_PREPROCESSOR_DEFINITIONS = (
					"DEBUG=1",
					"$(inherited)",
				);
				GCC_WARN_64_TO_32_BIT_CONVERSION = YES;
				GCC_WARN_ABOUT_RETURN_TYPE = YES_ERROR;
				GCC_WARN_UNDECLARED_SELECTOR = YES;
				GCC_WARN_UNINITIALIZED_AUTOS = YES_AGGRESSIVE;
				GCC_WARN_UNUSED_FUNCTION = YES;
				GCC_WARN_UNUSED_VARIABLE = YES;
				IPHONEOS_DEPLOYMENT_TARGET = 11.0;
				MTL_ENABLE_DEBUG_INFO = YES;
				ONLY_ACTIVE_ARCH = YES;
				SDKROOT = iphoneos;
				SWIFT_ACTIVE_COMPILATION_CONDITIONS = DEBUG;
				SWIFT_OPTIMIZATION_LEVEL = "-Onone";
			};
			name = Debug;
		};
		84116D151FF38A0A00911C3B /* Release */ = {
			isa = XCBuildConfiguration;
			buildSettings = {
				ALWAYS_SEARCH_USER_PATHS = NO;
				CLANG_ANALYZER_NONNULL = YES;
				CLANG_ANALYZER_NUMBER_OBJECT_CONVERSION = YES_AGGRESSIVE;
				CLANG_CXX_LANGUAGE_STANDARD = "gnu++14";
				CLANG_CXX_LIBRARY = "libc++";
				CLANG_ENABLE_MODULES = YES;
				CLANG_ENABLE_OBJC_ARC = YES;
				CLANG_WARN_BLOCK_CAPTURE_AUTORELEASING = YES;
				CLANG_WARN_BOOL_CONVERSION = YES;
				CLANG_WARN_COMMA = YES;
				CLANG_WARN_CONSTANT_CONVERSION = YES;
				CLANG_WARN_DIRECT_OBJC_ISA_USAGE = YES_ERROR;
				CLANG_WARN_DOCUMENTATION_COMMENTS = YES;
				CLANG_WARN_EMPTY_BODY = YES;
				CLANG_WARN_ENUM_CONVERSION = YES;
				CLANG_WARN_INFINITE_RECURSION = YES;
				CLANG_WARN_INT_CONVERSION = YES;
				CLANG_WARN_NON_LITERAL_NULL_CONVERSION = YES;
				CLANG_WARN_OBJC_LITERAL_CONVERSION = YES;
				CLANG_WARN_OBJC_ROOT_CLASS = YES_ERROR;
				CLANG_WARN_RANGE_LOOP_ANALYSIS = YES;
				CLANG_WARN_STRICT_PROTOTYPES = YES;
				CLANG_WARN_SUSPICIOUS_MOVE = YES;
				CLANG_WARN_UNGUARDED_AVAILABILITY = YES_AGGRESSIVE;
				CLANG_WARN_UNREACHABLE_CODE = YES;
				CLANG_WARN__DUPLICATE_METHOD_MATCH = YES;
				CODE_SIGN_IDENTITY = "iPhone Developer";
				COPY_PHASE_STRIP = NO;
				DEBUG_INFORMATION_FORMAT = "dwarf-with-dsym";
				ENABLE_NS_ASSERTIONS = NO;
				ENABLE_STRICT_OBJC_MSGSEND = YES;
				GCC_C_LANGUAGE_STANDARD = gnu11;
				GCC_NO_COMMON_BLOCKS = YES;
				GCC_WARN_64_TO_32_BIT_CONVERSION = YES;
				GCC_WARN_ABOUT_RETURN_TYPE = YES_ERROR;
				GCC_WARN_UNDECLARED_SELECTOR = YES;
				GCC_WARN_UNINITIALIZED_AUTOS = YES_AGGRESSIVE;
				GCC_WARN_UNUSED_FUNCTION = YES;
				GCC_WARN_UNUSED_VARIABLE = YES;
				IPHONEOS_DEPLOYMENT_TARGET = 11.0;
				MTL_ENABLE_DEBUG_INFO = NO;
				SDKROOT = iphoneos;
				SWIFT_OPTIMIZATION_LEVEL = "-Owholemodule";
				VALIDATE_PRODUCT = YES;
			};
			name = Release;
		};
		84116D171FF38A0A00911C3B /* Debug */ = {
			isa = XCBuildConfiguration;
			buildSettings = {
				ASSETCATALOG_COMPILER_APPICON_NAME = AppIcon;
				INFOPLIST_FILE = Notification/Info.plist;
				LD_RUNPATH_SEARCH_PATHS = "$(inherited) @executable_path/Frameworks";
				PRODUCT_BUNDLE_IDENTIFIER = com.example.Notification;
				PRODUCT_NAME = "$(TARGET_NAME)";
				SWIFT_VERSION = 4.0;
				TARGETED_DEVICE_FAMILY = "1,2";
			};
			name = Debug;
		};
		84116D181FF38A0A00911C3B /* Release */ = {
			isa = XCBuildConfiguration;
			buildSettings = {
				ASSETCATALOG_COMPILER_APPICON_NAME = AppIcon;
				INFOPLIST_FILE = Notification/Info.plist;
				LD_RUNPATH_SEARCH_PATHS = "$(inherited) @executable_path/Frameworks";
				PRODUCT_BUNDLE_IDENTIFIER = com.example.Notification;
				PRODUCT_NAME = "$(TARGET_NAME)";
				SWIFT_VERSION = 4.0;
				TARGETED_DEVICE_FAMILY = "1,2";
			};
			name = Release;
		};
		84116D1A1FF38A0A00911C3B /* Debug */ = {
			isa = XCBuildConfiguration;
			buildSettings = {
				ALWAYS_EMBED_SWIFT_STANDARD_LIBRARIES = YES;
				BUNDLE_LOADER = "$(TEST_HOST)";
				INFOPLIST_FILE = NotificationTests/Info.plist;
				LD_RUNPATH_SEARCH_PATHS = "$(inherited) @executable_path/Frameworks @loader_path/Frameworks";
				PRODUCT_BUNDLE_IDENTIFIER = com.example.NotificationTests;
				PRODUCT_NAME = "$(TARGET_NAME)";
				SWIFT_VERSION = 4.0;
				TARGETED_DEVICE_FAMILY = "1,2";
				TEST_HOST = "$(BUILT_PRODUCTS_DIR)/Notification.app/Notification";
			};
			name = Debug;
		};
		84116D1B1FF38A0A00911C3B /* Release */ = {
			isa = XCBuildConfiguration;
			buildSettings = {
				ALWAYS_EMBED_SWIFT_STANDARD_LIBRARIES = YES;
				BUNDLE_LOADER = "$(TEST_HOST)";
				INFOPLIST_FILE = NotificationTests/Info.plist;
				LD_RUNPATH_SEARCH_PATHS = "$(inherited) @executable_path/Frameworks @loader_path/Frameworks";
				PRODUCT_BUNDLE_IDENTIFIER = com.example.NotificationTests;
				PRODUCT_NAME = "$(TARGET_NAME)";
				SWIFT_VERSION = 4.0;
				TARGETED_DEVICE_FAMILY = "1,2";
				TEST_HOST = "$(BUILT_PRODUCTS_DIR)/Notification.app/Notification";
			};
			name = Release;
		};
/* End XCBuildConfiguration section */

/* Begin XCConfigurationList section */
		84116CF41FF38A0A00911C3B /* Build configuration list for PBXProject "Notification" */ = {
			isa = XCConfigurationList;
			buildConfigurations = (
				84116D141FF38A0A00911C3B /* Debug */,
				84116D151FF38A0A00911C3B /* Release */,
			);
			defaultConfigurationIsVisible = 0;
			defaultConfigurationName = Release;
		};
		84116D161FF38A0A00911C3B /* Build configuration list for PBXNativeTarget "Notification" */ = {
			isa = XCConfigurationList;
			buildConfigurations = (
				84116D171FF38A0A00911C3B /* Debug */,
				84116D181FF38A0A00911C3B /* Release */,
			);
			defaultConfigurationIsVisible = 0;
		};
		84116D191FF38A0A00911C3B /* Build configuration list for PBXNativeTarget "NotificationTests" */ = {
			isa = XCConfigurationList;
			buildConfigurations = (
				84116D1A1FF38A0A00911C3B /* Debug */,
				84116D1B1FF38A0A00911C3B /* Release */,
			);
			defaultConfigurationIsVisible = 0;
		};
/* End XCConfigurationList section */
	};
	rootObject = 84116CF11FF38A0A00911C3B /* Project object */;
}
