// !$*UTF8*$!
{
	archiveVersion = 1;
	classes = {
	};
	objectVersion = 48;
	objects = {

/* Begin PBXBuildFile section */
		8410F82F1FE515F200233AE7 /* AppDelegate.swift in Sources */ = {isa = PBXBuildFile; fileRef = 8410F82E1FE515F200233AE7 /* AppDelegate.swift */; };
		8410F8311FE515F200233AE7 /* ViewController.swift in Sources */ = {isa = PBXBuildFile; fileRef = 8410F8301FE515F200233AE7 /* ViewController.swift */; };
		8410F8341FE515F200233AE7 /* Main.storyboard in Resources */ = {isa = PBXBuildFile; fileRef = 8410F8321FE515F200233AE7 /* Main.storyboard */; };
		8410F8361FE515F200233AE7 /* Assets.xcassets in Resources */ = {isa = PBXBuildFile; fileRef = 8410F8351FE515F200233AE7 /* Assets.xcassets */; };
		8410F8391FE515F200233AE7 /* LaunchScreen.storyboard in Resources */ = {isa = PBXBuildFile; fileRef = 8410F8371FE515F200233AE7 /* LaunchScreen.storyboard */; };
		8410F8411FE516AA00233AE7 /* TableViewController.swift in Sources */ = {isa = PBXBuildFile; fileRef = 8410F8401FE516AA00233AE7 /* TableViewController.swift */; };
/* End PBXBuildFile section */

/* Begin PBXFileReference section */
		8410F82B1FE515F200233AE7 /* DisplayDataFrom1to100.app */ = {isa = PBXFileReference; explicitFileType = wrapper.application; includeInIndex = 0; path = DisplayDataFrom1to100.app; sourceTree = BUILT_PRODUCTS_DIR; };
		8410F82E1FE515F200233AE7 /* AppDelegate.swift */ = {isa = PBXFileReference; lastKnownFileType = sourcecode.swift; path = AppDelegate.swift; sourceTree = "<group>"; };
		8410F8301FE515F200233AE7 /* ViewController.swift */ = {isa = PBXFileReference; lastKnownFileType = sourcecode.swift; path = ViewController.swift; sourceTree = "<group>"; };
		8410F8331FE515F200233AE7 /* Base */ = {isa = PBXFileReference; lastKnownFileType = file.storyboard; name = Base; path = Base.lproj/Main.storyboard; sourceTree = "<group>"; };
		8410F8351FE515F200233AE7 /* Assets.xcassets */ = {isa = PBXFileReference; lastKnownFileType = folder.assetcatalog; path = Assets.xcassets; sourceTree = "<group>"; };
		8410F8381FE515F200233AE7 /* Base */ = {isa = PBXFileReference; lastKnownFileType = file.storyboard; name = Base; path = Base.lproj/LaunchScreen.storyboard; sourceTree = "<group>"; };
		8410F83A1FE515F200233AE7 /* Info.plist */ = {isa = PBXFileReference; lastKnownFileType = text.plist.xml; path = Info.plist; sourceTree = "<group>"; };
		8410F8401FE516AA00233AE7 /* TableViewController.swift */ = {isa = PBXFileReference; lastKnownFileType = sourcecode.swift; path = TableViewController.swift; sourceTree = "<group>"; };
/* End PBXFileReference section */

/* Begin PBXFrameworksBuildPhase section */
		8410F8281FE515F200233AE7 /* Frameworks */ = {
			isa = PBXFrameworksBuildPhase;
			buildActionMask = 2147483647;
			files = (
			);
			runOnlyForDeploymentPostprocessing = 0;
		};
/* End PBXFrameworksBuildPhase section */

/* Begin PBXGroup section */
		8410F8221FE515F200233AE7 = {
			isa = PBXGroup;
			children = (
				8410F82D1FE515F200233AE7 /* DisplayDataFrom1to100 */,
				8410F82C1FE515F200233AE7 /* Products */,
			);
			sourceTree = "<group>";
		};
		8410F82C1FE515F200233AE7 /* Products */ = {
			isa = PBXGroup;
			children = (
				8410F82B1FE515F200233AE7 /* DisplayDataFrom1to100.app */,
			);
			name = Products;
			sourceTree = "<group>";
		};
		8410F82D1FE515F200233AE7 /* DisplayDataFrom1to100 */ = {
			isa = PBXGroup;
			children = (
				8410F82E1FE515F200233AE7 /* AppDelegate.swift */,
				8410F8301FE515F200233AE7 /* ViewController.swift */,
				8410F8401FE516AA00233AE7 /* TableViewController.swift */,
				8410F8321FE515F200233AE7 /* Main.storyboard */,
				8410F8351FE515F200233AE7 /* Assets.xcassets */,
				8410F8371FE515F200233AE7 /* LaunchScreen.storyboard */,
				8410F83A1FE515F200233AE7 /* Info.plist */,
			);
			path = DisplayDataFrom1to100;
			sourceTree = "<group>";
		};
/* End PBXGroup section */

/* Begin PBXNativeTarget section */
		8410F82A1FE515F200233AE7 /* DisplayDataFrom1to100 */ = {
			isa = PBXNativeTarget;
			buildConfigurationList = 8410F83D1FE515F200233AE7 /* Build configuration list for PBXNativeTarget "DisplayDataFrom1to100" */;
			buildPhases = (
				8410F8271FE515F200233AE7 /* Sources */,
				8410F8281FE515F200233AE7 /* Frameworks */,
				8410F8291FE515F200233AE7 /* Resources */,
			);
			buildRules = (
			);
			dependencies = (
			);
			name = DisplayDataFrom1to100;
			productName = DisplayDataFrom1to100;
			productReference = 8410F82B1FE515F200233AE7 /* DisplayDataFrom1to100.app */;
			productType = "com.apple.product-type.application";
		};
/* End PBXNativeTarget section */

/* Begin PBXProject section */
		8410F8231FE515F200233AE7 /* Project object */ = {
			isa = PBXProject;
			attributes = {
				LastSwiftUpdateCheck = 0900;
				LastUpgradeCheck = 0900;
				ORGANIZATIONNAME = "Apple Inc.";
				TargetAttributes = {
					8410F82A1FE515F200233AE7 = {
						CreatedOnToolsVersion = 9.0;
					};
				};
			};
			buildConfigurationList = 8410F8261FE515F200233AE7 /* Build configuration list for PBXProject "DisplayDataFrom1to100" */;
			compatibilityVersion = "Xcode 8.0";
			developmentRegion = en;
			hasScannedForEncodings = 0;
			knownRegions = (
				en,
				Base,
			);
			mainGroup = 8410F8221FE515F200233AE7;
			productRefGroup = 8410F82C1FE515F200233AE7 /* Products */;
			projectDirPath = "";
			projectRoot = "";
			targets = (
				8410F82A1FE515F200233AE7 /* DisplayDataFrom1to100 */,
			);
		};
/* End PBXProject section */

/* Begin PBXResourcesBuildPhase section */
		8410F8291FE515F200233AE7 /* Resources */ = {
			isa = PBXResourcesBuildPhase;
			buildActionMask = 2147483647;
			files = (
				8410F8391FE515F200233AE7 /* LaunchScreen.storyboard in Resources */,
				8410F8361FE515F200233AE7 /* Assets.xcassets in Resources */,
				8410F8341FE515F200233AE7 /* Main.storyboard in Resources */,
			);
			runOnlyForDeploymentPostprocessing = 0;
		};
/* End PBXResourcesBuildPhase section */

/* Begin PBXSourcesBuildPhase section */
		8410F8271FE515F200233AE7 /* Sources */ = {
			isa = PBXSourcesBuildPhase;
			buildActionMask = 2147483647;
			files = (
				8410F8311FE515F200233AE7 /* ViewController.swift in Sources */,
				8410F8411FE516AA00233AE7 /* TableViewController.swift in Sources */,
				8410F82F1FE515F200233AE7 /* AppDelegate.swift in Sources */,
			);
			runOnlyForDeploymentPostprocessing = 0;
		};
/* End PBXSourcesBuildPhase section */

/* Begin PBXVariantGroup section */
		8410F8321FE515F200233AE7 /* Main.storyboard */ = {
			isa = PBXVariantGroup;
			children = (
				8410F8331FE515F200233AE7 /* Base */,
			);
			name = Main.storyboard;
			sourceTree = "<group>";
		};
		8410F8371FE515F200233AE7 /* LaunchScreen.storyboard */ = {
			isa = PBXVariantGroup;
			children = (
				8410F8381FE515F200233AE7 /* Base */,
			);
			name = LaunchScreen.storyboard;
			sourceTree = "<group>";
		};
/* End PBXVariantGroup section */

/* Begin XCBuildConfiguration section */
		8410F83B1FE515F200233AE7 /* Debug */ = {
			isa = XCBuildConfiguration;
			buildSettings = {
				ALWAYS_SEARCH_USER_PATHS = NO;
				CLANG_ANALYZER_NONNULL = YES;
				CLANG_ANALYZER_NUMBER_OBJECT_CONVERSION = YES_AGGRESSIVE;
				CLANG_CXX_LANGUAGE_STANDARD = "gnu++14";
				CLANG_CXX_LIBRARY = "libc++";
				CLANG_ENABLE_MODULES = YES;
				CLANG_ENABLE_OBJC_ARC = YES;
				CLANG_WARN_BLOCK_CAPTURE_AUTORELEASING = YES;
				CLANG_WARN_BOOL_CONVERSION = YES;
				CLANG_WARN_COMMA = YES;
				CLANG_WARN_CONSTANT_CONVERSION = YES;
				CLANG_WARN_DIRECT_OBJC_ISA_USAGE = YES_ERROR;
				CLANG_WARN_DOCUMENTATION_COMMENTS = YES;
				CLANG_WARN_EMPTY_BODY = YES;
				CLANG_WARN_ENUM_CONVERSION = YES;
				CLANG_WARN_INFINITE_RECURSION = YES;
				CLANG_WARN_INT_CONVERSION = YES;
				CLANG_WARN_NON_LITERAL_NULL_CONVERSION = YES;
				CLANG_WARN_OBJC_LITERAL_CONVERSION = YES;
				CLANG_WARN_OBJC_ROOT_CLASS = YES_ERROR;
				CLANG_WARN_RANGE_LOOP_ANALYSIS = YES;
				CLANG_WARN_STRICT_PROTOTYPES = YES;
				CLANG_WARN_SUSPICIOUS_MOVE = YES;
				CLANG_WARN_UNGUARDED_AVAILABILITY = YES_AGGRESSIVE;
				CLANG_WARN_UNREACHABLE_CODE = YES;
				CLANG_WARN__DUPLICATE_METHOD_MATCH = YES;
				CODE_SIGN_IDENTITY = "iPhone Developer";
				COPY_PHASE_STRIP = NO;
				DEBUG_INFORMATION_FORMAT = dwarf;
				ENABLE_STRICT_OBJC_MSGSEND = YES;
				ENABLE_TESTABILITY = YES;
				GCC_C_LANGUAGE_STANDARD = gnu11;
				GCC_DYNAMIC_NO_PIC = NO;
				GCC_NO_COMMON_BLOCKS = YES;
				GCC_OPTIMIZATION_LEVEL = 0;
				GCC_PREPROCESSOR_DEFINITIONS = (
					"DEBUG=1",
					"$(inherited)",
				);
				GCC_WARN_64_TO_32_BIT_CONVERSION = YES;
				GCC_WARN_ABOUT_RETURN_TYPE = YES_ERROR;
				GCC_WARN_UNDECLARED_SELECTOR = YES;
				GCC_WARN_UNINITIALIZED_AUTOS = YES_AGGRESSIVE;
				GCC_WARN_UNUSED_FUNCTION = YES;
				GCC_WARN_UNUSED_VARIABLE = YES;
				IPHONEOS_DEPLOYMENT_TARGET = 11.0;
				MTL_ENABLE_DEBUG_INFO = YES;
				ONLY_ACTIVE_ARCH = YES;
				SDKROOT = iphoneos;
				SWIFT_ACTIVE_COMPILATION_CONDITIONS = DEBUG;
				SWIFT_OPTIMIZATION_LEVEL = "-Onone";
			};
			name = Debug;
		};
		8410F83C1FE515F200233AE7 /* Release */ = {
			isa = XCBuildConfiguration;
			buildSettings = {
				ALWAYS_SEARCH_USER_PATHS = NO;
				CLANG_ANALYZER_NONNULL = YES;
				CLANG_ANALYZER_NUMBER_OBJECT_CONVERSION = YES_AGGRESSIVE;
				CLANG_CXX_LANGUAGE_STANDARD = "gnu++14";
				CLANG_CXX_LIBRARY = "libc++";
				CLANG_ENABLE_MODULES = YES;
				CLANG_ENABLE_OBJC_ARC = YES;
				CLANG_WARN_BLOCK_CAPTURE_AUTORELEASING = YES;
				CLANG_WARN_BOOL_CONVERSION = YES;
				CLANG_WARN_COMMA = YES;
				CLANG_WARN_CONSTANT_CONVERSION = YES;
				CLANG_WARN_DIRECT_OBJC_ISA_USAGE = YES_ERROR;
				CLANG_WARN_DOCUMENTATION_COMMENTS = YES;
				CLANG_WARN_EMPTY_BODY = YES;
				CLANG_WARN_ENUM_CONVERSION = YES;
				CLANG_WARN_INFINITE_RECURSION = YES;
				CLANG_WARN_INT_CONVERSION = YES;
				CLANG_WARN_NON_LITERAL_NULL_CONVERSION = YES;
				CLANG_WARN_OBJC_LITERAL_CONVERSION = YES;
				CLANG_WARN_OBJC_ROOT_CLASS = YES_ERROR;
				CLANG_WARN_RANGE_LOOP_ANALYSIS = YES;
				CLANG_WARN_STRICT_PROTOTYPES = YES;
				CLANG_WARN_SUSPICIOUS_MOVE = YES;
				CLANG_WARN_UNGUARDED_AVAILABILITY = YES_AGGRESSIVE;
				CLANG_WARN_UNREACHABLE_CODE = YES;
				CLANG_WARN__DUPLICATE_METHOD_MATCH = YES;
				CODE_SIGN_IDENTITY = "iPhone Developer";
				COPY_PHASE_STRIP = NO;
				DEBUG_INFORMATION_FORMAT = "dwarf-with-dsym";
				ENABLE_NS_ASSERTIONS = NO;
				ENABLE_STRICT_OBJC_MSGSEND = YES;
				GCC_C_LANGUAGE_STANDARD = gnu11;
				GCC_NO_COMMON_BLOCKS = YES;
				GCC_WARN_64_TO_32_BIT_CONVERSION = YES;
				GCC_WARN_ABOUT_RETURN_TYPE = YES_ERROR;
				GCC_WARN_UNDECLARED_SELECTOR = YES;
				GCC_WARN_UNINITIALIZED_AUTOS = YES_AGGRESSIVE;
				GCC_WARN_UNUSED_FUNCTION = YES;
				GCC_WARN_UNUSED_VARIABLE = YES;
				IPHONEOS_DEPLOYMENT_TARGET = 11.0;
				MTL_ENABLE_DEBUG_INFO = NO;
				SDKROOT = iphoneos;
				SWIFT_OPTIMIZATION_LEVEL = "-Owholemodule";
				VALIDATE_PRODUCT = YES;
			};
			name = Release;
		};
		8410F83E1FE515F200233AE7 /* Debug */ = {
			isa = XCBuildConfiguration;
			buildSettings = {
				ASSETCATALOG_COMPILER_APPICON_NAME = AppIcon;
				INFOPLIST_FILE = DisplayDataFrom1to100/Info.plist;
				LD_RUNPATH_SEARCH_PATHS = "$(inherited) @executable_path/Frameworks";
				PRODUCT_BUNDLE_IDENTIFIER = com.example.DisplayDataFrom1to100;
				PRODUCT_NAME = "$(TARGET_NAME)";
				SWIFT_VERSION = 4.0;
				TARGETED_DEVICE_FAMILY = "1,2";
			};
			name = Debug;
		};
		8410F83F1FE515F200233AE7 /* Release */ = {
			isa = XCBuildConfiguration;
			buildSettings = {
				ASSETCATALOG_COMPILER_APPICON_NAME = AppIcon;
				INFOPLIST_FILE = DisplayDataFrom1to100/Info.plist;
				LD_RUNPATH_SEARCH_PATHS = "$(inherited) @executable_path/Frameworks";
				PRODUCT_BUNDLE_IDENTIFIER = com.example.DisplayDataFrom1to100;
				PRODUCT_NAME = "$(TARGET_NAME)";
				SWIFT_VERSION = 4.0;
				TARGETED_DEVICE_FAMILY = "1,2";
			};
			name = Release;
		};
/* End XCBuildConfiguration section */

/* Begin XCConfigurationList section */
		8410F8261FE515F200233AE7 /* Build configuration list for PBXProject "DisplayDataFrom1to100" */ = {
			isa = XCConfigurationList;
			buildConfigurations = (
				8410F83B1FE515F200233AE7 /* Debug */,
				8410F83C1FE515F200233AE7 /* Release */,
			);
			defaultConfigurationIsVisible = 0;
			defaultConfigurationName = Release;
		};
		8410F83D1FE515F200233AE7 /* Build configuration list for PBXNativeTarget "DisplayDataFrom1to100" */ = {
			isa = XCConfigurationList;
			buildConfigurations = (
				8410F83E1FE515F200233AE7 /* Debug */,
				8410F83F1FE515F200233AE7 /* Release */,
			);
			defaultConfigurationIsVisible = 0;
		};
/* End XCConfigurationList section */
	};
	rootObject = 8410F8231FE515F200233AE7 /* Project object */;
}
