// !$*UTF8*$!
{
	archiveVersion = 1;
	classes = {
	};
	objectVersion = 48;
	objects = {

/* Begin PBXBuildFile section */
		844CE4311FF14F53007F9F5A /* AppDelegate.swift in Sources */ = {isa = PBXBuildFile; fileRef = 844CE4301FF14F53007F9F5A /* AppDelegate.swift */; };
		844CE4331FF14F53007F9F5A /* ViewController1.swift in Sources */ = {isa = PBXBuildFile; fileRef = 844CE4321FF14F53007F9F5A /* ViewController1.swift */; };
		844CE4361FF14F53007F9F5A /* Main.storyboard in Resources */ = {isa = PBXBuildFile; fileRef = 844CE4341FF14F53007F9F5A /* Main.storyboard */; };
		844CE4381FF14F53007F9F5A /* Assets.xcassets in Resources */ = {isa = PBXBuildFile; fileRef = 844CE4371FF14F53007F9F5A /* Assets.xcassets */; };
		844CE43B1FF14F53007F9F5A /* LaunchScreen.storyboard in Resources */ = {isa = PBXBuildFile; fileRef = 844CE4391FF14F53007F9F5A /* LaunchScreen.storyboard */; };
		844CE4461FF14F53007F9F5A /* Check_UnwindTests.swift in Sources */ = {isa = PBXBuildFile; fileRef = 844CE4451FF14F53007F9F5A /* Check_UnwindTests.swift */; };
		844CE4511FF151DF007F9F5A /* ViewController2.swift in Sources */ = {isa = PBXBuildFile; fileRef = 844CE4501FF151DF007F9F5A /* ViewController2.swift */; };
/* End PBXBuildFile section */

/* Begin PBXContainerItemProxy section */
		844CE4421FF14F53007F9F5A /* PBXContainerItemProxy */ = {
			isa = PBXContainerItemProxy;
			containerPortal = 844CE4251FF14F53007F9F5A /* Project object */;
			proxyType = 1;
			remoteGlobalIDString = 844CE42C1FF14F53007F9F5A;
			remoteInfo = Check_Unwind;
		};
/* End PBXContainerItemProxy section */

/* Begin PBXFileReference section */
		844CE42D1FF14F53007F9F5A /* Check_Unwind.app */ = {isa = PBXFileReference; explicitFileType = wrapper.application; includeInIndex = 0; path = Check_Unwind.app; sourceTree = BUILT_PRODUCTS_DIR; };
		844CE4301FF14F53007F9F5A /* AppDelegate.swift */ = {isa = PBXFileReference; lastKnownFileType = sourcecode.swift; path = AppDelegate.swift; sourceTree = "<group>"; };
		844CE4321FF14F53007F9F5A /* ViewController1.swift */ = {isa = PBXFileReference; lastKnownFileType = sourcecode.swift; path = ViewController1.swift; sourceTree = "<group>"; };
		844CE4351FF14F53007F9F5A /* Base */ = {isa = PBXFileReference; lastKnownFileType = file.storyboard; name = Base; path = Base.lproj/Main.storyboard; sourceTree = "<group>"; };
		844CE4371FF14F53007F9F5A /* Assets.xcassets */ = {isa = PBXFileReference; lastKnownFileType = folder.assetcatalog; path = Assets.xcassets; sourceTree = "<group>"; };
		844CE43A1FF14F53007F9F5A /* Base */ = {isa = PBXFileReference; lastKnownFileType = file.storyboard; name = Base; path = Base.lproj/LaunchScreen.storyboard; sourceTree = "<group>"; };
		844CE43C1FF14F53007F9F5A /* Info.plist */ = {isa = PBXFileReference; lastKnownFileType = text.plist.xml; path = Info.plist; sourceTree = "<group>"; };
		844CE4411FF14F53007F9F5A /* Check_UnwindTests.xctest */ = {isa = PBXFileReference; explicitFileType = wrapper.cfbundle; includeInIndex = 0; path = Check_UnwindTests.xctest; sourceTree = BUILT_PRODUCTS_DIR; };
		844CE4451FF14F53007F9F5A /* Check_UnwindTests.swift */ = {isa = PBXFileReference; lastKnownFileType = sourcecode.swift; path = Check_UnwindTests.swift; sourceTree = "<group>"; };
		844CE4471FF14F53007F9F5A /* Info.plist */ = {isa = PBXFileReference; lastKnownFileType = text.plist.xml; path = Info.plist; sourceTree = "<group>"; };
		844CE4501FF151DF007F9F5A /* ViewController2.swift */ = {isa = PBXFileReference; lastKnownFileType = sourcecode.swift; path = ViewController2.swift; sourceTree = "<group>"; };
/* End PBXFileReference section */

/* Begin PBXFrameworksBuildPhase section */
		844CE42A1FF14F53007F9F5A /* Frameworks */ = {
			isa = PBXFrameworksBuildPhase;
			buildActionMask = 2147483647;
			files = (
			);
			runOnlyForDeploymentPostprocessing = 0;
		};
		844CE43E1FF14F53007F9F5A /* Frameworks */ = {
			isa = PBXFrameworksBuildPhase;
			buildActionMask = 2147483647;
			files = (
			);
			runOnlyForDeploymentPostprocessing = 0;
		};
/* End PBXFrameworksBuildPhase section */

/* Begin PBXGroup section */
		844CE4241FF14F53007F9F5A = {
			isa = PBXGroup;
			children = (
				844CE42F1FF14F53007F9F5A /* Check_Unwind */,
				844CE4441FF14F53007F9F5A /* Check_UnwindTests */,
				844CE42E1FF14F53007F9F5A /* Products */,
			);
			sourceTree = "<group>";
		};
		844CE42E1FF14F53007F9F5A /* Products */ = {
			isa = PBXGroup;
			children = (
				844CE42D1FF14F53007F9F5A /* Check_Unwind.app */,
				844CE4411FF14F53007F9F5A /* Check_UnwindTests.xctest */,
			);
			name = Products;
			sourceTree = "<group>";
		};
		844CE42F1FF14F53007F9F5A /* Check_Unwind */ = {
			isa = PBXGroup;
			children = (
				844CE4301FF14F53007F9F5A /* AppDelegate.swift */,
				844CE4321FF14F53007F9F5A /* ViewController1.swift */,
				844CE4341FF14F53007F9F5A /* Main.storyboard */,
				844CE4501FF151DF007F9F5A /* ViewController2.swift */,
				844CE4371FF14F53007F9F5A /* Assets.xcassets */,
				844CE4391FF14F53007F9F5A /* LaunchScreen.storyboard */,
				844CE43C1FF14F53007F9F5A /* Info.plist */,
			);
			path = Check_Unwind;
			sourceTree = "<group>";
		};
		844CE4441FF14F53007F9F5A /* Check_UnwindTests */ = {
			isa = PBXGroup;
			children = (
				844CE4451FF14F53007F9F5A /* Check_UnwindTests.swift */,
				844CE4471FF14F53007F9F5A /* Info.plist */,
			);
			path = Check_UnwindTests;
			sourceTree = "<group>";
		};
/* End PBXGroup section */

/* Begin PBXNativeTarget section */
		844CE42C1FF14F53007F9F5A /* Check_Unwind */ = {
			isa = PBXNativeTarget;
			buildConfigurationList = 844CE44A1FF14F53007F9F5A /* Build configuration list for PBXNativeTarget "Check_Unwind" */;
			buildPhases = (
				844CE4291FF14F53007F9F5A /* Sources */,
				844CE42A1FF14F53007F9F5A /* Frameworks */,
				844CE42B1FF14F53007F9F5A /* Resources */,
			);
			buildRules = (
			);
			dependencies = (
			);
			name = Check_Unwind;
			productName = Check_Unwind;
			productReference = 844CE42D1FF14F53007F9F5A /* Check_Unwind.app */;
			productType = "com.apple.product-type.application";
		};
		844CE4401FF14F53007F9F5A /* Check_UnwindTests */ = {
			isa = PBXNativeTarget;
			buildConfigurationList = 844CE44D1FF14F53007F9F5A /* Build configuration list for PBXNativeTarget "Check_UnwindTests" */;
			buildPhases = (
				844CE43D1FF14F53007F9F5A /* Sources */,
				844CE43E1FF14F53007F9F5A /* Frameworks */,
				844CE43F1FF14F53007F9F5A /* Resources */,
			);
			buildRules = (
			);
			dependencies = (
				844CE4431FF14F53007F9F5A /* PBXTargetDependency */,
			);
			name = Check_UnwindTests;
			productName = Check_UnwindTests;
			productReference = 844CE4411FF14F53007F9F5A /* Check_UnwindTests.xctest */;
			productType = "com.apple.product-type.bundle.unit-test";
		};
/* End PBXNativeTarget section */

/* Begin PBXProject section */
		844CE4251FF14F53007F9F5A /* Project object */ = {
			isa = PBXProject;
			attributes = {
				LastSwiftUpdateCheck = 0900;
				LastUpgradeCheck = 0900;
				ORGANIZATIONNAME = "Apple Inc.";
				TargetAttributes = {
					844CE42C1FF14F53007F9F5A = {
						CreatedOnToolsVersion = 9.0;
					};
					844CE4401FF14F53007F9F5A = {
						CreatedOnToolsVersion = 9.0;
						TestTargetID = 844CE42C1FF14F53007F9F5A;
					};
				};
			};
			buildConfigurationList = 844CE4281FF14F53007F9F5A /* Build configuration list for PBXProject "Check_Unwind" */;
			compatibilityVersion = "Xcode 8.0";
			developmentRegion = en;
			hasScannedForEncodings = 0;
			knownRegions = (
				en,
				Base,
			);
			mainGroup = 844CE4241FF14F53007F9F5A;
			productRefGroup = 844CE42E1FF14F53007F9F5A /* Products */;
			projectDirPath = "";
			projectRoot = "";
			targets = (
				844CE42C1FF14F53007F9F5A /* Check_Unwind */,
				844CE4401FF14F53007F9F5A /* Check_UnwindTests */,
			);
		};
/* End PBXProject section */

/* Begin PBXResourcesBuildPhase section */
		844CE42B1FF14F53007F9F5A /* Resources */ = {
			isa = PBXResourcesBuildPhase;
			buildActionMask = 2147483647;
			files = (
				844CE43B1FF14F53007F9F5A /* LaunchScreen.storyboard in Resources */,
				844CE4381FF14F53007F9F5A /* Assets.xcassets in Resources */,
				844CE4361FF14F53007F9F5A /* Main.storyboard in Resources */,
			);
			runOnlyForDeploymentPostprocessing = 0;
		};
		844CE43F1FF14F53007F9F5A /* Resources */ = {
			isa = PBXResourcesBuildPhase;
			buildActionMask = 2147483647;
			files = (
			);
			runOnlyForDeploymentPostprocessing = 0;
		};
/* End PBXResourcesBuildPhase section */

/* Begin PBXSourcesBuildPhase section */
		844CE4291FF14F53007F9F5A /* Sources */ = {
			isa = PBXSourcesBuildPhase;
			buildActionMask = 2147483647;
			files = (
				844CE4331FF14F53007F9F5A /* ViewController1.swift in Sources */,
				844CE4311FF14F53007F9F5A /* AppDelegate.swift in Sources */,
				844CE4511FF151DF007F9F5A /* ViewController2.swift in Sources */,
			);
			runOnlyForDeploymentPostprocessing = 0;
		};
		844CE43D1FF14F53007F9F5A /* Sources */ = {
			isa = PBXSourcesBuildPhase;
			buildActionMask = 2147483647;
			files = (
				844CE4461FF14F53007F9F5A /* Check_UnwindTests.swift in Sources */,
			);
			runOnlyForDeploymentPostprocessing = 0;
		};
/* End PBXSourcesBuildPhase section */

/* Begin PBXTargetDependency section */
		844CE4431FF14F53007F9F5A /* PBXTargetDependency */ = {
			isa = PBXTargetDependency;
			target = 844CE42C1FF14F53007F9F5A /* Check_Unwind */;
			targetProxy = 844CE4421FF14F53007F9F5A /* PBXContainerItemProxy */;
		};
/* End PBXTargetDependency section */

/* Begin PBXVariantGroup section */
		844CE4341FF14F53007F9F5A /* Main.storyboard */ = {
			isa = PBXVariantGroup;
			children = (
				844CE4351FF14F53007F9F5A /* Base */,
			);
			name = Main.storyboard;
			sourceTree = "<group>";
		};
		844CE4391FF14F53007F9F5A /* LaunchScreen.storyboard */ = {
			isa = PBXVariantGroup;
			children = (
				844CE43A1FF14F53007F9F5A /* Base */,
			);
			name = LaunchScreen.storyboard;
			sourceTree = "<group>";
		};
/* End PBXVariantGroup section */

/* Begin XCBuildConfiguration section */
		844CE4481FF14F53007F9F5A /* Debug */ = {
			isa = XCBuildConfiguration;
			buildSettings = {
				ALWAYS_SEARCH_USER_PATHS = NO;
				CLANG_ANALYZER_NONNULL = YES;
				CLANG_ANALYZER_NUMBER_OBJECT_CONVERSION = YES_AGGRESSIVE;
				CLANG_CXX_LANGUAGE_STANDARD = "gnu++14";
				CLANG_CXX_LIBRARY = "libc++";
				CLANG_ENABLE_MODULES = YES;
				CLANG_ENABLE_OBJC_ARC = YES;
				CLANG_WARN_BLOCK_CAPTURE_AUTORELEASING = YES;
				CLANG_WARN_BOOL_CONVERSION = YES;
				CLANG_WARN_COMMA = YES;
				CLANG_WARN_CONSTANT_CONVERSION = YES;
				CLANG_WARN_DIRECT_OBJC_ISA_USAGE = YES_ERROR;
				CLANG_WARN_DOCUMENTATION_COMMENTS = YES;
				CLANG_WARN_EMPTY_BODY = YES;
				CLANG_WARN_ENUM_CONVERSION = YES;
				CLANG_WARN_INFINITE_RECURSION = YES;
				CLANG_WARN_INT_CONVERSION = YES;
				CLANG_WARN_NON_LITERAL_NULL_CONVERSION = YES;
				CLANG_WARN_OBJC_LITERAL_CONVERSION = YES;
				CLANG_WARN_OBJC_ROOT_CLASS = YES_ERROR;
				CLANG_WARN_RANGE_LOOP_ANALYSIS = YES;
				CLANG_WARN_STRICT_PROTOTYPES = YES;
				CLANG_WARN_SUSPICIOUS_MOVE = YES;
				CLANG_WARN_UNGUARDED_AVAILABILITY = YES_AGGRESSIVE;
				CLANG_WARN_UNREACHABLE_CODE = YES;
				CLANG_WARN__DUPLICATE_METHOD_MATCH = YES;
				CODE_SIGN_IDENTITY = "iPhone Developer";
				COPY_PHASE_STRIP = NO;
				DEBUG_INFORMATION_FORMAT = dwarf;
				ENABLE_STRICT_OBJC_MSGSEND = YES;
				ENABLE_TESTABILITY = YES;
				GCC_C_LANGUAGE_STANDARD = gnu11;
				GCC_DYNAMIC_NO_PIC = NO;
				GCC_NO_COMMON_BLOCKS = YES;
				GCC_OPTIMIZATION_LEVEL = 0;
				GCC_PREPROCESSOR_DEFINITIONS = (
					"DEBUG=1",
					"$(inherited)",
				);
				GCC_WARN_64_TO_32_BIT_CONVERSION = YES;
				GCC_WARN_ABOUT_RETURN_TYPE = YES_ERROR;
				GCC_WARN_UNDECLARED_SELECTOR = YES;
				GCC_WARN_UNINITIALIZED_AUTOS = YES_AGGRESSIVE;
				GCC_WARN_UNUSED_FUNCTION = YES;
				GCC_WARN_UNUSED_VARIABLE = YES;
				IPHONEOS_DEPLOYMENT_TARGET = 11.0;
				MTL_ENABLE_DEBUG_INFO = YES;
				ONLY_ACTIVE_ARCH = YES;
				SDKROOT = iphoneos;
				SWIFT_ACTIVE_COMPILATION_CONDITIONS = DEBUG;
				SWIFT_OPTIMIZATION_LEVEL = "-Onone";
			};
			name = Debug;
		};
		844CE4491FF14F53007F9F5A /* Release */ = {
			isa = XCBuildConfiguration;
			buildSettings = {
				ALWAYS_SEARCH_USER_PATHS = NO;
				CLANG_ANALYZER_NONNULL = YES;
				CLANG_ANALYZER_NUMBER_OBJECT_CONVERSION = YES_AGGRESSIVE;
				CLANG_CXX_LANGUAGE_STANDARD = "gnu++14";
				CLANG_CXX_LIBRARY = "libc++";
				CLANG_ENABLE_MODULES = YES;
				CLANG_ENABLE_OBJC_ARC = YES;
				CLANG_WARN_BLOCK_CAPTURE_AUTORELEASING = YES;
				CLANG_WARN_BOOL_CONVERSION = YES;
				CLANG_WARN_COMMA = YES;
				CLANG_WARN_CONSTANT_CONVERSION = YES;
				CLANG_WARN_DIRECT_OBJC_ISA_USAGE = YES_ERROR;
				CLANG_WARN_DOCUMENTATION_COMMENTS = YES;
				CLANG_WARN_EMPTY_BODY = YES;
				CLANG_WARN_ENUM_CONVERSION = YES;
				CLANG_WARN_INFINITE_RECURSION = YES;
				CLANG_WARN_INT_CONVERSION = YES;
				CLANG_WARN_NON_LITERAL_NULL_CONVERSION = YES;
				CLANG_WARN_OBJC_LITERAL_CONVERSION = YES;
				CLANG_WARN_OBJC_ROOT_CLASS = YES_ERROR;
				CLANG_WARN_RANGE_LOOP_ANALYSIS = YES;
				CLANG_WARN_STRICT_PROTOTYPES = YES;
				CLANG_WARN_SUSPICIOUS_MOVE = YES;
				CLANG_WARN_UNGUARDED_AVAILABILITY = YES_AGGRESSIVE;
				CLANG_WARN_UNREACHABLE_CODE = YES;
				CLANG_WARN__DUPLICATE_METHOD_MATCH = YES;
				CODE_SIGN_IDENTITY = "iPhone Developer";
				COPY_PHASE_STRIP = NO;
				DEBUG_INFORMATION_FORMAT = "dwarf-with-dsym";
				ENABLE_NS_ASSERTIONS = NO;
				ENABLE_STRICT_OBJC_MSGSEND = YES;
				GCC_C_LANGUAGE_STANDARD = gnu11;
				GCC_NO_COMMON_BLOCKS = YES;
				GCC_WARN_64_TO_32_BIT_CONVERSION = YES;
				GCC_WARN_ABOUT_RETURN_TYPE = YES_ERROR;
				GCC_WARN_UNDECLARED_SELECTOR = YES;
				GCC_WARN_UNINITIALIZED_AUTOS = YES_AGGRESSIVE;
				GCC_WARN_UNUSED_FUNCTION = YES;
				GCC_WARN_UNUSED_VARIABLE = YES;
				IPHONEOS_DEPLOYMENT_TARGET = 11.0;
				MTL_ENABLE_DEBUG_INFO = NO;
				SDKROOT = iphoneos;
				SWIFT_OPTIMIZATION_LEVEL = "-Owholemodule";
				VALIDATE_PRODUCT = YES;
			};
			name = Release;
		};
		844CE44B1FF14F53007F9F5A /* Debug */ = {
			isa = XCBuildConfiguration;
			buildSettings = {
				ASSETCATALOG_COMPILER_APPICON_NAME = AppIcon;
				INFOPLIST_FILE = Check_Unwind/Info.plist;
				LD_RUNPATH_SEARCH_PATHS = "$(inherited) @executable_path/Frameworks";
				PRODUCT_BUNDLE_IDENTIFIER = "com.example.Check-Unwind";
				PRODUCT_NAME = "$(TARGET_NAME)";
				SWIFT_VERSION = 4.0;
				TARGETED_DEVICE_FAMILY = "1,2";
			};
			name = Debug;
		};
		844CE44C1FF14F53007F9F5A /* Release */ = {
			isa = XCBuildConfiguration;
			buildSettings = {
				ASSETCATALOG_COMPILER_APPICON_NAME = AppIcon;
				INFOPLIST_FILE = Check_Unwind/Info.plist;
				LD_RUNPATH_SEARCH_PATHS = "$(inherited) @executable_path/Frameworks";
				PRODUCT_BUNDLE_IDENTIFIER = "com.example.Check-Unwind";
				PRODUCT_NAME = "$(TARGET_NAME)";
				SWIFT_VERSION = 4.0;
				TARGETED_DEVICE_FAMILY = "1,2";
			};
			name = Release;
		};
		844CE44E1FF14F53007F9F5A /* Debug */ = {
			isa = XCBuildConfiguration;
			buildSettings = {
				ALWAYS_EMBED_SWIFT_STANDARD_LIBRARIES = YES;
				BUNDLE_LOADER = "$(TEST_HOST)";
				INFOPLIST_FILE = Check_UnwindTests/Info.plist;
				LD_RUNPATH_SEARCH_PATHS = "$(inherited) @executable_path/Frameworks @loader_path/Frameworks";
				PRODUCT_BUNDLE_IDENTIFIER = "com.example.Check-UnwindTests";
				PRODUCT_NAME = "$(TARGET_NAME)";
				SWIFT_VERSION = 4.0;
				TARGETED_DEVICE_FAMILY = "1,2";
				TEST_HOST = "$(BUILT_PRODUCTS_DIR)/Check_Unwind.app/Check_Unwind";
			};
			name = Debug;
		};
		844CE44F1FF14F53007F9F5A /* Release */ = {
			isa = XCBuildConfiguration;
			buildSettings = {
				ALWAYS_EMBED_SWIFT_STANDARD_LIBRARIES = YES;
				BUNDLE_LOADER = "$(TEST_HOST)";
				INFOPLIST_FILE = Check_UnwindTests/Info.plist;
				LD_RUNPATH_SEARCH_PATHS = "$(inherited) @executable_path/Frameworks @loader_path/Frameworks";
				PRODUCT_BUNDLE_IDENTIFIER = "com.example.Check-UnwindTests";
				PRODUCT_NAME = "$(TARGET_NAME)";
				SWIFT_VERSION = 4.0;
				TARGETED_DEVICE_FAMILY = "1,2";
				TEST_HOST = "$(BUILT_PRODUCTS_DIR)/Check_Unwind.app/Check_Unwind";
			};
			name = Release;
		};
/* End XCBuildConfiguration section */

/* Begin XCConfigurationList section */
		844CE4281FF14F53007F9F5A /* Build configuration list for PBXProject "Check_Unwind" */ = {
			isa = XCConfigurationList;
			buildConfigurations = (
				844CE4481FF14F53007F9F5A /* Debug */,
				844CE4491FF14F53007F9F5A /* Release */,
			);
			defaultConfigurationIsVisible = 0;
			defaultConfigurationName = Release;
		};
		844CE44A1FF14F53007F9F5A /* Build configuration list for PBXNativeTarget "Check_Unwind" */ = {
			isa = XCConfigurationList;
			buildConfigurations = (
				844CE44B1FF14F53007F9F5A /* Debug */,
				844CE44C1FF14F53007F9F5A /* Release */,
			);
			defaultConfigurationIsVisible = 0;
		};
		844CE44D1FF14F53007F9F5A /* Build configuration list for PBXNativeTarget "Check_UnwindTests" */ = {
			isa = XCConfigurationList;
			buildConfigurations = (
				844CE44E1FF14F53007F9F5A /* Debug */,
				844CE44F1FF14F53007F9F5A /* Release */,
			);
			defaultConfigurationIsVisible = 0;
		};
/* End XCConfigurationList section */
	};
	rootObject = 844CE4251FF14F53007F9F5A /* Project object */;
}
